// !$*UTF8*$!
{
	archiveVersion = 1;
	classes = {
	};
	objectVersion = 50;
	objects = {

/* Begin PBXBuildFile section */
		48196F232157C480009C40BB /* Scrypt.swift in Sources */ = {isa = PBXBuildFile; fileRef = 48196F222157C480009C40BB /* Scrypt.swift */; };
		48196F242157C480009C40BB /* Scrypt.swift in Sources */ = {isa = PBXBuildFile; fileRef = 48196F222157C480009C40BB /* Scrypt.swift */; };
		48196F262157C574009C40BB /* ZilliqaService+DefaultImplementations.swift in Sources */ = {isa = PBXBuildFile; fileRef = 48196F252157C574009C40BB /* ZilliqaService+DefaultImplementations.swift */; };
		48196F272157C574009C40BB /* ZilliqaService+DefaultImplementations.swift in Sources */ = {isa = PBXBuildFile; fileRef = 48196F252157C574009C40BB /* ZilliqaService+DefaultImplementations.swift */; };
		48196F2A2157C5CA009C40BB /* Keystore.swift in Sources */ = {isa = PBXBuildFile; fileRef = 48196F292157C5CA009C40BB /* Keystore.swift */; };
		48196F2B2157C5CA009C40BB /* Keystore.swift in Sources */ = {isa = PBXBuildFile; fileRef = 48196F292157C5CA009C40BB /* Keystore.swift */; };
		482E31702144421F00D81A91 /* EllipticCurveKit.framework in Frameworks */ = {isa = PBXBuildFile; fileRef = 48E849C62144404F00A06C40 /* EllipticCurveKit.framework */; };
		483460A42145BD28007E5D5C /* JSONRPCKit.framework in Frameworks */ = {isa = PBXBuildFile; fileRef = 483460A22145BD28007E5D5C /* JSONRPCKit.framework */; };
		483460A52145BD28007E5D5C /* Result.framework in Frameworks */ = {isa = PBXBuildFile; fileRef = 483460A32145BD28007E5D5C /* Result.framework */; };
		483460A82145BD4A007E5D5C /* ZilliqaService.swift in Sources */ = {isa = PBXBuildFile; fileRef = 483460A72145BD4A007E5D5C /* ZilliqaService.swift */; };
		483460A92145BD4C007E5D5C /* ZilliqaService.swift in Sources */ = {isa = PBXBuildFile; fileRef = 483460A72145BD4A007E5D5C /* ZilliqaService.swift */; };
		483460AB2145C183007E5D5C /* APIKit.framework in Frameworks */ = {isa = PBXBuildFile; fileRef = 483460AA2145C182007E5D5C /* APIKit.framework */; };
		483F0F7C2146F9FA00E6EE08 /* Rx+ZilliqaService.swift in Sources */ = {isa = PBXBuildFile; fileRef = 483F0F7B2146F9FA00E6EE08 /* Rx+ZilliqaService.swift */; };
		483F0F7D2146F9FA00E6EE08 /* Rx+ZilliqaService.swift in Sources */ = {isa = PBXBuildFile; fileRef = 483F0F7B2146F9FA00E6EE08 /* Rx+ZilliqaService.swift */; };
		483F0F802146FB8D00E6EE08 /* RxCocoa.framework in Frameworks */ = {isa = PBXBuildFile; fileRef = 483F0F7E2146FB8D00E6EE08 /* RxCocoa.framework */; };
		483F0F812146FB8D00E6EE08 /* RxSwift.framework in Frameworks */ = {isa = PBXBuildFile; fileRef = 483F0F7F2146FB8D00E6EE08 /* RxSwift.framework */; };
		483F0F8B214704D700E6EE08 /* Error.swift in Sources */ = {isa = PBXBuildFile; fileRef = 483F0F8A214704D700E6EE08 /* Error.swift */; };
		483F0F8C214704D700E6EE08 /* Error.swift in Sources */ = {isa = PBXBuildFile; fileRef = 483F0F8A214704D700E6EE08 /* Error.swift */; };
		483F0F902147083800E6EE08 /* BalanceRequest.swift in Sources */ = {isa = PBXBuildFile; fileRef = 483F0F8F2147083800E6EE08 /* BalanceRequest.swift */; };
		483F0F912147083800E6EE08 /* BalanceRequest.swift in Sources */ = {isa = PBXBuildFile; fileRef = 483F0F8F2147083800E6EE08 /* BalanceRequest.swift */; };
		483F0F932147085500E6EE08 /* BalanceResponse.swift in Sources */ = {isa = PBXBuildFile; fileRef = 483F0F922147085500E6EE08 /* BalanceResponse.swift */; };
		483F0F942147085500E6EE08 /* BalanceResponse.swift in Sources */ = {isa = PBXBuildFile; fileRef = 483F0F922147085500E6EE08 /* BalanceResponse.swift */; };
		483F0F962147087700E6EE08 /* ZilliqaRequest.swift in Sources */ = {isa = PBXBuildFile; fileRef = 483F0F952147087700E6EE08 /* ZilliqaRequest.swift */; };
		483F0F972147087700E6EE08 /* ZilliqaRequest.swift in Sources */ = {isa = PBXBuildFile; fileRef = 483F0F952147087700E6EE08 /* ZilliqaRequest.swift */; };
		483F0F992147091900E6EE08 /* DefaultZilliqaService.swift in Sources */ = {isa = PBXBuildFile; fileRef = 483F0F982147091900E6EE08 /* DefaultZilliqaService.swift */; };
		483F0F9A2147091900E6EE08 /* DefaultZilliqaService.swift in Sources */ = {isa = PBXBuildFile; fileRef = 483F0F982147091900E6EE08 /* DefaultZilliqaService.swift */; };
		483F0F9C2147093D00E6EE08 /* ZilliqaService+APIKit+ErrorMapping.swift in Sources */ = {isa = PBXBuildFile; fileRef = 483F0F9B2147093D00E6EE08 /* ZilliqaService+APIKit+ErrorMapping.swift */; };
		483F0F9D2147093D00E6EE08 /* ZilliqaService+APIKit+ErrorMapping.swift in Sources */ = {isa = PBXBuildFile; fileRef = 483F0F9B2147093D00E6EE08 /* ZilliqaService+APIKit+ErrorMapping.swift */; };
		484E09EA21543F3B003D928E /* MessageFromUnsignedTransaction.swift in Sources */ = {isa = PBXBuildFile; fileRef = 484E09E921543F3B003D928E /* MessageFromUnsignedTransaction.swift */; };
		484E09EB21543F43003D928E /* MessageFromUnsignedTransaction.swift in Sources */ = {isa = PBXBuildFile; fileRef = 484E09E921543F3B003D928E /* MessageFromUnsignedTransaction.swift */; };
		484E09ED215440B1003D928E /* APIClient.swift in Sources */ = {isa = PBXBuildFile; fileRef = 484E09EC215440B1003D928E /* APIClient.swift */; };
		484E09EE215440B4003D928E /* APIClient.swift in Sources */ = {isa = PBXBuildFile; fileRef = 484E09EC215440B1003D928E /* APIClient.swift */; };
		484E09F021544134003D928E /* DefaultAPIClient.swift in Sources */ = {isa = PBXBuildFile; fileRef = 484E09EF21544134003D928E /* DefaultAPIClient.swift */; };
		484E09F121544134003D928E /* DefaultAPIClient.swift in Sources */ = {isa = PBXBuildFile; fileRef = 484E09EF21544134003D928E /* DefaultAPIClient.swift */; };
		4871665B2141ADEA00F0B413 /* BigInt.framework in Frameworks */ = {isa = PBXBuildFile; fileRef = 487166582141ADEA00F0B413 /* BigInt.framework */; };
		4871665C2141ADEA00F0B413 /* SipHash.framework in Frameworks */ = {isa = PBXBuildFile; fileRef = 487166592141ADEA00F0B413 /* SipHash.framework */; };
		488A65872155ACD20091FD03 /* ZilliqaService+Signing.swift in Sources */ = {isa = PBXBuildFile; fileRef = 488A65862155ACD20091FD03 /* ZilliqaService+Signing.swift */; };
		488A65882155ACD20091FD03 /* ZilliqaService+Signing.swift in Sources */ = {isa = PBXBuildFile; fileRef = 488A65862155ACD20091FD03 /* ZilliqaService+Signing.swift */; };
		488A658B2157A1670091FD03 /* DispatchQueue+Sugar.swift in Sources */ = {isa = PBXBuildFile; fileRef = 488A658A2157A1670091FD03 /* DispatchQueue+Sugar.swift */; };
		488A658C2157A1670091FD03 /* DispatchQueue+Sugar.swift in Sources */ = {isa = PBXBuildFile; fileRef = 488A658A2157A1670091FD03 /* DispatchQueue+Sugar.swift */; };
		488A658E2157BC5F0091FD03 /* ExportKeystoreTests.swift in Sources */ = {isa = PBXBuildFile; fileRef = 488A658D2157BC5F0091FD03 /* ExportKeystoreTests.swift */; };
		488A658F2157BC5F0091FD03 /* ExportKeystoreTests.swift in Sources */ = {isa = PBXBuildFile; fileRef = 488A658D2157BC5F0091FD03 /* ExportKeystoreTests.swift */; };
		48B5B2F121482EC600147005 /* TransactionSigningTests.swift in Sources */ = {isa = PBXBuildFile; fileRef = 48B5B2F021482EC600147005 /* TransactionSigningTests.swift */; };
		48B5B2F221482EC600147005 /* TransactionSigningTests.swift in Sources */ = {isa = PBXBuildFile; fileRef = 48B5B2F021482EC600147005 /* TransactionSigningTests.swift */; };
		48B5B2F32148321400147005 /* APIKit.framework in Frameworks */ = {isa = PBXBuildFile; fileRef = 483460AA2145C182007E5D5C /* APIKit.framework */; };
		48B5B2F42148321400147005 /* BigInt.framework in Frameworks */ = {isa = PBXBuildFile; fileRef = 487166582141ADEA00F0B413 /* BigInt.framework */; };
		48B5B2F52148321400147005 /* EllipticCurveKit.framework in Frameworks */ = {isa = PBXBuildFile; fileRef = 48E849C62144404F00A06C40 /* EllipticCurveKit.framework */; };
		48B5B2F62148321400147005 /* JSONRPCKit.framework in Frameworks */ = {isa = PBXBuildFile; fileRef = 483460A22145BD28007E5D5C /* JSONRPCKit.framework */; };
		48B5B2F72148321400147005 /* Result.framework in Frameworks */ = {isa = PBXBuildFile; fileRef = 483460A32145BD28007E5D5C /* Result.framework */; };
		48B5B2F82148321400147005 /* RxCocoa.framework in Frameworks */ = {isa = PBXBuildFile; fileRef = 483F0F7E2146FB8D00E6EE08 /* RxCocoa.framework */; };
		48B5B2F92148321400147005 /* RxSwift.framework in Frameworks */ = {isa = PBXBuildFile; fileRef = 483F0F7F2146FB8D00E6EE08 /* RxSwift.framework */; };
		48B5B2FA2148321400147005 /* SipHash.framework in Frameworks */ = {isa = PBXBuildFile; fileRef = 487166592141ADEA00F0B413 /* SipHash.framework */; };
		48B5B2FC2148321500147005 /* RxTest.framework in Frameworks */ = {isa = PBXBuildFile; fileRef = 48B5B2FB2148321500147005 /* RxTest.framework */; };
		48D4114A2147200A00E2F207 /* Recipient.swift in Sources */ = {isa = PBXBuildFile; fileRef = 48D411492147200A00E2F207 /* Recipient.swift */; };
		48D4114C2147202500E2F207 /* Transaction.swift in Sources */ = {isa = PBXBuildFile; fileRef = 48D4114B2147202500E2F207 /* Transaction.swift */; };
		48D4114F2147205200E2F207 /* TransactionRequest.swift in Sources */ = {isa = PBXBuildFile; fileRef = 48D4114E2147205200E2F207 /* TransactionRequest.swift */; };
		48D411502147205500E2F207 /* TransactionRequest.swift in Sources */ = {isa = PBXBuildFile; fileRef = 48D4114E2147205200E2F207 /* TransactionRequest.swift */; };
		48D411512147206300E2F207 /* Recipient.swift in Sources */ = {isa = PBXBuildFile; fileRef = 48D411492147200A00E2F207 /* Recipient.swift */; };
		48D411522147206600E2F207 /* Transaction.swift in Sources */ = {isa = PBXBuildFile; fileRef = 48D4114B2147202500E2F207 /* Transaction.swift */; };
		48E76FB420B9D6210027A3FE /* ZilliqaSDK_macOS.h in Headers */ = {isa = PBXBuildFile; fileRef = 48E76FB120B9D6160027A3FE /* ZilliqaSDK_macOS.h */; settings = {ATTRIBUTES = (Public, ); }; };
		48ED060E20B8618F00C639E5 /* Zesame.framework in Frameworks */ = {isa = PBXBuildFile; fileRef = 48ED060520B8618F00C639E5 /* Zesame.framework */; };
		48ED0E5020E7F150005DA19C /* Wallet.swift in Sources */ = {isa = PBXBuildFile; fileRef = 48F70A7820B811330027B72D /* Wallet.swift */; };
		48ED0E5220E7F155005DA19C /* Nonce.swift in Sources */ = {isa = PBXBuildFile; fileRef = 48F70A7E20B812990027B72D /* Nonce.swift */; };
		48ED0E5320E7F158005DA19C /* Amount.swift in Sources */ = {isa = PBXBuildFile; fileRef = 48F70A7B20B811A00027B72D /* Amount.swift */; };
		48ED0E5420E7F15D005DA19C /* Payment.swift in Sources */ = {isa = PBXBuildFile; fileRef = 48F70A4A20B7F55B0027B72D /* Payment.swift */; };
		48ED0E5520E7F15D005DA19C /* Gas.swift in Sources */ = {isa = PBXBuildFile; fileRef = 48F70A4C20B7F9940027B72D /* Gas.swift */; };
		48ED0E6C20E80731005DA19C /* BigNumber.swift in Sources */ = {isa = PBXBuildFile; fileRef = 48ED0E6B20E80731005DA19C /* BigNumber.swift */; };
		48ED0E6D20E80731005DA19C /* BigNumber.swift in Sources */ = {isa = PBXBuildFile; fileRef = 48ED0E6B20E80731005DA19C /* BigNumber.swift */; };
		48ED0E6F20E80754005DA19C /* UInt256+ExpressibleByStringLiteral.swift in Sources */ = {isa = PBXBuildFile; fileRef = 48ED0E6E20E80754005DA19C /* UInt256+ExpressibleByStringLiteral.swift */; };
		48ED0E7020E80754005DA19C /* UInt256+ExpressibleByStringLiteral.swift in Sources */ = {isa = PBXBuildFile; fileRef = 48ED0E6E20E80754005DA19C /* UInt256+ExpressibleByStringLiteral.swift */; };
		48F70A1F20B72DD00027B72D /* Zesame.framework in Frameworks */ = {isa = PBXBuildFile; fileRef = 48F70A1520B72DD00027B72D /* Zesame.framework */; };
		48F70A4820B7F4D00027B72D /* ZilliqaSDK.h in Headers */ = {isa = PBXBuildFile; fileRef = 48F70A3320B72E8A0027B72D /* ZilliqaSDK.h */; settings = {ATTRIBUTES = (Public, ); }; };
		48F70A4B20B7F55B0027B72D /* Payment.swift in Sources */ = {isa = PBXBuildFile; fileRef = 48F70A4A20B7F55B0027B72D /* Payment.swift */; };
		48F70A4D20B7F9940027B72D /* Gas.swift in Sources */ = {isa = PBXBuildFile; fileRef = 48F70A4C20B7F9940027B72D /* Gas.swift */; };
		48F70A7A20B811370027B72D /* Wallet.swift in Sources */ = {isa = PBXBuildFile; fileRef = 48F70A7820B811330027B72D /* Wallet.swift */; };
		48F70A7D20B812080027B72D /* Amount.swift in Sources */ = {isa = PBXBuildFile; fileRef = 48F70A7B20B811A00027B72D /* Amount.swift */; };
		48F70A8320B812F70027B72D /* Nonce.swift in Sources */ = {isa = PBXBuildFile; fileRef = 48F70A7E20B812990027B72D /* Nonce.swift */; };
/* End PBXBuildFile section */

/* Begin PBXContainerItemProxy section */
		48ED060F20B8618F00C639E5 /* PBXContainerItemProxy */ = {
			isa = PBXContainerItemProxy;
			containerPortal = 48F70A0C20B72DCF0027B72D /* Project object */;
			proxyType = 1;
			remoteGlobalIDString = 48ED060420B8618F00C639E5;
			remoteInfo = "ZilliqaSDK-macOS";
		};
		48F70A2020B72DD00027B72D /* PBXContainerItemProxy */ = {
			isa = PBXContainerItemProxy;
			containerPortal = 48F70A0C20B72DCF0027B72D /* Project object */;
			proxyType = 1;
			remoteGlobalIDString = 48F70A1420B72DD00027B72D;
			remoteInfo = ZilliqaSDK;
		};
/* End PBXContainerItemProxy section */

/* Begin PBXFileReference section */
		4818AAC52144494200F06F7E /* ZilliqaSDKTests-Info.plist */ = {isa = PBXFileReference; lastKnownFileType = text.plist.xml; path = "ZilliqaSDKTests-Info.plist"; sourceTree = "<group>"; };
		48196F222157C480009C40BB /* Scrypt.swift */ = {isa = PBXFileReference; lastKnownFileType = sourcecode.swift; path = Scrypt.swift; sourceTree = "<group>"; };
		48196F252157C574009C40BB /* ZilliqaService+DefaultImplementations.swift */ = {isa = PBXFileReference; lastKnownFileType = sourcecode.swift; path = "ZilliqaService+DefaultImplementations.swift"; sourceTree = "<group>"; };
		48196F292157C5CA009C40BB /* Keystore.swift */ = {isa = PBXFileReference; lastKnownFileType = sourcecode.swift; path = Keystore.swift; sourceTree = "<group>"; };
		483460A22145BD28007E5D5C /* JSONRPCKit.framework */ = {isa = PBXFileReference; lastKnownFileType = wrapper.framework; name = JSONRPCKit.framework; path = Carthage/Build/iOS/JSONRPCKit.framework; sourceTree = "<group>"; };
		483460A32145BD28007E5D5C /* Result.framework */ = {isa = PBXFileReference; lastKnownFileType = wrapper.framework; name = Result.framework; path = Carthage/Build/iOS/Result.framework; sourceTree = "<group>"; };
		483460A72145BD4A007E5D5C /* ZilliqaService.swift */ = {isa = PBXFileReference; lastKnownFileType = sourcecode.swift; path = ZilliqaService.swift; sourceTree = "<group>"; };
		483460AA2145C182007E5D5C /* APIKit.framework */ = {isa = PBXFileReference; lastKnownFileType = wrapper.framework; name = APIKit.framework; path = Carthage/Build/iOS/APIKit.framework; sourceTree = "<group>"; };
		483F0F7B2146F9FA00E6EE08 /* Rx+ZilliqaService.swift */ = {isa = PBXFileReference; lastKnownFileType = sourcecode.swift; path = "Rx+ZilliqaService.swift"; sourceTree = "<group>"; };
		483F0F7E2146FB8D00E6EE08 /* RxCocoa.framework */ = {isa = PBXFileReference; lastKnownFileType = wrapper.framework; name = RxCocoa.framework; path = Carthage/Build/iOS/RxCocoa.framework; sourceTree = "<group>"; };
		483F0F7F2146FB8D00E6EE08 /* RxSwift.framework */ = {isa = PBXFileReference; lastKnownFileType = wrapper.framework; name = RxSwift.framework; path = Carthage/Build/iOS/RxSwift.framework; sourceTree = "<group>"; };
		483F0F8A214704D700E6EE08 /* Error.swift */ = {isa = PBXFileReference; lastKnownFileType = sourcecode.swift; path = Error.swift; sourceTree = "<group>"; };
		483F0F8F2147083800E6EE08 /* BalanceRequest.swift */ = {isa = PBXFileReference; lastKnownFileType = sourcecode.swift; path = BalanceRequest.swift; sourceTree = "<group>"; };
		483F0F922147085500E6EE08 /* BalanceResponse.swift */ = {isa = PBXFileReference; lastKnownFileType = sourcecode.swift; path = BalanceResponse.swift; sourceTree = "<group>"; };
		483F0F952147087700E6EE08 /* ZilliqaRequest.swift */ = {isa = PBXFileReference; lastKnownFileType = sourcecode.swift; path = ZilliqaRequest.swift; sourceTree = "<group>"; };
		483F0F982147091900E6EE08 /* DefaultZilliqaService.swift */ = {isa = PBXFileReference; lastKnownFileType = sourcecode.swift; path = DefaultZilliqaService.swift; sourceTree = "<group>"; };
		483F0F9B2147093D00E6EE08 /* ZilliqaService+APIKit+ErrorMapping.swift */ = {isa = PBXFileReference; lastKnownFileType = sourcecode.swift; path = "ZilliqaService+APIKit+ErrorMapping.swift"; sourceTree = "<group>"; };
		484E09E921543F3B003D928E /* MessageFromUnsignedTransaction.swift */ = {isa = PBXFileReference; lastKnownFileType = sourcecode.swift; path = MessageFromUnsignedTransaction.swift; sourceTree = "<group>"; };
		484E09EC215440B1003D928E /* APIClient.swift */ = {isa = PBXFileReference; lastKnownFileType = sourcecode.swift; path = APIClient.swift; sourceTree = "<group>"; };
		484E09EF21544134003D928E /* DefaultAPIClient.swift */ = {isa = PBXFileReference; lastKnownFileType = sourcecode.swift; path = DefaultAPIClient.swift; sourceTree = "<group>"; };
		487166582141ADEA00F0B413 /* BigInt.framework */ = {isa = PBXFileReference; lastKnownFileType = wrapper.framework; name = BigInt.framework; path = Carthage/Build/iOS/BigInt.framework; sourceTree = "<group>"; };
		487166592141ADEA00F0B413 /* SipHash.framework */ = {isa = PBXFileReference; lastKnownFileType = wrapper.framework; name = SipHash.framework; path = Carthage/Build/iOS/SipHash.framework; sourceTree = "<group>"; };
		48838C9420B9F64800C18DC2 /* WalletTests.swift */ = {isa = PBXFileReference; lastKnownFileType = sourcecode.swift; path = WalletTests.swift; sourceTree = "<group>"; };
		488A65862155ACD20091FD03 /* ZilliqaService+Signing.swift */ = {isa = PBXFileReference; lastKnownFileType = sourcecode.swift; path = "ZilliqaService+Signing.swift"; sourceTree = "<group>"; };
		488A658A2157A1670091FD03 /* DispatchQueue+Sugar.swift */ = {isa = PBXFileReference; lastKnownFileType = sourcecode.swift; path = "DispatchQueue+Sugar.swift"; sourceTree = "<group>"; };
		488A658D2157BC5F0091FD03 /* ExportKeystoreTests.swift */ = {isa = PBXFileReference; lastKnownFileType = sourcecode.swift; path = ExportKeystoreTests.swift; sourceTree = "<group>"; };
		48B5B2EE21482EC600147005 /* ZilliqaSDK iOS Tests-Bridging-Header.h */ = {isa = PBXFileReference; lastKnownFileType = sourcecode.c.h; path = "ZilliqaSDK iOS Tests-Bridging-Header.h"; sourceTree = "<group>"; };
		48B5B2EF21482EC600147005 /* ZilliqaSDK macOS Tests-Bridging-Header.h */ = {isa = PBXFileReference; lastKnownFileType = sourcecode.c.h; path = "ZilliqaSDK macOS Tests-Bridging-Header.h"; sourceTree = "<group>"; };
		48B5B2F021482EC600147005 /* TransactionSigningTests.swift */ = {isa = PBXFileReference; lastKnownFileType = sourcecode.swift; path = TransactionSigningTests.swift; sourceTree = "<group>"; };
		48B5B2FB2148321500147005 /* RxTest.framework */ = {isa = PBXFileReference; lastKnownFileType = wrapper.framework; name = RxTest.framework; path = Carthage/Build/iOS/RxTest.framework; sourceTree = "<group>"; };
		48BD4ADB215EA846005F1B18 /* Zesame-macOS-Release.xcconfig */ = {isa = PBXFileReference; lastKnownFileType = text.xcconfig; path = "Zesame-macOS-Release.xcconfig"; sourceTree = "<group>"; };
		48BD4ADC215EA846005F1B18 /* Zesame-iOS-Debug.xcconfig */ = {isa = PBXFileReference; lastKnownFileType = text.xcconfig; path = "Zesame-iOS-Debug.xcconfig"; sourceTree = "<group>"; };
		48BD4ADD215EA846005F1B18 /* Zesame-macOS-Debug.xcconfig */ = {isa = PBXFileReference; lastKnownFileType = text.xcconfig; path = "Zesame-macOS-Debug.xcconfig"; sourceTree = "<group>"; };
		48BD4ADE215EA846005F1B18 /* Zesame-Shared.xcconfig */ = {isa = PBXFileReference; lastKnownFileType = text.xcconfig; path = "Zesame-Shared.xcconfig"; sourceTree = "<group>"; };
		48BD4ADF215EA846005F1B18 /* Zesame-macOS-Common.xcconfig */ = {isa = PBXFileReference; lastKnownFileType = text.xcconfig; path = "Zesame-macOS-Common.xcconfig"; sourceTree = "<group>"; };
		48BD4AE0215EA846005F1B18 /* Zesame-iOS-Release.xcconfig */ = {isa = PBXFileReference; lastKnownFileType = text.xcconfig; path = "Zesame-iOS-Release.xcconfig"; sourceTree = "<group>"; };
		48BD4AE1215EA846005F1B18 /* Zesame-iOS-Common.xcconfig */ = {isa = PBXFileReference; lastKnownFileType = text.xcconfig; path = "Zesame-iOS-Common.xcconfig"; sourceTree = "<group>"; };
		48C89FC42142C4F10063B0FA /* Zesame-Info.plist */ = {isa = PBXFileReference; lastKnownFileType = text.plist.xml; path = "Zesame-Info.plist"; sourceTree = "<group>"; };
		48D411492147200A00E2F207 /* Recipient.swift */ = {isa = PBXFileReference; lastKnownFileType = sourcecode.swift; path = Recipient.swift; sourceTree = "<group>"; };
		48D4114B2147202500E2F207 /* Transaction.swift */ = {isa = PBXFileReference; lastKnownFileType = sourcecode.swift; path = Transaction.swift; sourceTree = "<group>"; };
		48D4114E2147205200E2F207 /* TransactionRequest.swift */ = {isa = PBXFileReference; lastKnownFileType = sourcecode.swift; path = TransactionRequest.swift; sourceTree = "<group>"; };
		48E76FB120B9D6160027A3FE /* ZilliqaSDK_macOS.h */ = {isa = PBXFileReference; lastKnownFileType = sourcecode.c.h; path = ZilliqaSDK_macOS.h; sourceTree = "<group>"; };
		48E849C62144404F00A06C40 /* EllipticCurveKit.framework */ = {isa = PBXFileReference; lastKnownFileType = wrapper.framework; name = EllipticCurveKit.framework; path = Carthage/Build/iOS/EllipticCurveKit.framework; sourceTree = "<group>"; };
		48ED060520B8618F00C639E5 /* Zesame.framework */ = {isa = PBXFileReference; explicitFileType = wrapper.framework; includeInIndex = 0; path = Zesame.framework; sourceTree = BUILT_PRODUCTS_DIR; };
		48ED060D20B8618F00C639E5 /* ZesameTests.xctest */ = {isa = PBXFileReference; explicitFileType = wrapper.cfbundle; includeInIndex = 0; path = ZesameTests.xctest; sourceTree = BUILT_PRODUCTS_DIR; };
		48ED062020B86C1C00C639E5 /* ZilliqaSDKTests-iOS-Debug.xcconfig */ = {isa = PBXFileReference; lastKnownFileType = text.xcconfig; path = "ZilliqaSDKTests-iOS-Debug.xcconfig"; sourceTree = "<group>"; };
		48ED062120B86C1C00C639E5 /* ZilliqaSDKTests-macOS-Common.xcconfig */ = {isa = PBXFileReference; lastKnownFileType = text.xcconfig; path = "ZilliqaSDKTests-macOS-Common.xcconfig"; sourceTree = "<group>"; };
		48ED062220B86C1C00C639E5 /* ZilliqaSDKTests-macOS-Debug.xcconfig */ = {isa = PBXFileReference; lastKnownFileType = text.xcconfig; path = "ZilliqaSDKTests-macOS-Debug.xcconfig"; sourceTree = "<group>"; };
		48ED062320B86C1D00C639E5 /* ZilliqaSDKTests-macOS-Release.xcconfig */ = {isa = PBXFileReference; lastKnownFileType = text.xcconfig; path = "ZilliqaSDKTests-macOS-Release.xcconfig"; sourceTree = "<group>"; };
		48ED062420B86C1D00C639E5 /* ZilliqaSDKTests-iOS-Common.xcconfig */ = {isa = PBXFileReference; lastKnownFileType = text.xcconfig; path = "ZilliqaSDKTests-iOS-Common.xcconfig"; sourceTree = "<group>"; };
		48ED062520B86C1D00C639E5 /* ZilliqaSDKTests-iOS-Release.xcconfig */ = {isa = PBXFileReference; lastKnownFileType = text.xcconfig; path = "ZilliqaSDKTests-iOS-Release.xcconfig"; sourceTree = "<group>"; };
		48ED0E6B20E80731005DA19C /* BigNumber.swift */ = {isa = PBXFileReference; lastKnownFileType = sourcecode.swift; path = BigNumber.swift; sourceTree = "<group>"; };
		48ED0E6E20E80754005DA19C /* UInt256+ExpressibleByStringLiteral.swift */ = {isa = PBXFileReference; lastKnownFileType = sourcecode.swift; path = "UInt256+ExpressibleByStringLiteral.swift"; sourceTree = "<group>"; };
		48F70A1520B72DD00027B72D /* Zesame.framework */ = {isa = PBXFileReference; explicitFileType = wrapper.framework; includeInIndex = 0; path = Zesame.framework; sourceTree = BUILT_PRODUCTS_DIR; };
		48F70A1E20B72DD00027B72D /* ZesameTests.xctest */ = {isa = PBXFileReference; explicitFileType = wrapper.cfbundle; includeInIndex = 0; path = ZesameTests.xctest; sourceTree = BUILT_PRODUCTS_DIR; };
		48F70A3320B72E8A0027B72D /* ZilliqaSDK.h */ = {isa = PBXFileReference; lastKnownFileType = sourcecode.c.h; path = ZilliqaSDK.h; sourceTree = "<group>"; };
		48F70A3620B72E930027B72D /* AddressTests.swift */ = {isa = PBXFileReference; lastKnownFileType = sourcecode.swift; path = AddressTests.swift; sourceTree = "<group>"; };
		48F70A4A20B7F55B0027B72D /* Payment.swift */ = {isa = PBXFileReference; lastKnownFileType = sourcecode.swift; path = Payment.swift; sourceTree = "<group>"; };
		48F70A4C20B7F9940027B72D /* Gas.swift */ = {isa = PBXFileReference; lastKnownFileType = sourcecode.swift; path = Gas.swift; sourceTree = "<group>"; };
		48F70A5020B7FE590027B72D /* GasTests.swift */ = {isa = PBXFileReference; lastKnownFileType = sourcecode.swift; path = GasTests.swift; sourceTree = "<group>"; };
		48F70A5320B7FFC10027B72D /* GasPriceTests.swift */ = {isa = PBXFileReference; lastKnownFileType = sourcecode.swift; path = GasPriceTests.swift; sourceTree = "<group>"; };
		48F70A5520B7FFDE0027B72D /* GasLimitTests.swift */ = {isa = PBXFileReference; lastKnownFileType = sourcecode.swift; path = GasLimitTests.swift; sourceTree = "<group>"; };
		48F70A5720B801A90027B72D /* PaymentModelTests.swift */ = {isa = PBXFileReference; lastKnownFileType = sourcecode.swift; path = PaymentModelTests.swift; sourceTree = "<group>"; };
		48F70A5920B802E70027B72D /* AmountModelTests.swift */ = {isa = PBXFileReference; lastKnownFileType = sourcecode.swift; path = AmountModelTests.swift; sourceTree = "<group>"; };
		48F70A7820B811330027B72D /* Wallet.swift */ = {isa = PBXFileReference; lastKnownFileType = sourcecode.swift; path = Wallet.swift; sourceTree = "<group>"; };
		48F70A7B20B811A00027B72D /* Amount.swift */ = {isa = PBXFileReference; lastKnownFileType = sourcecode.swift; path = Amount.swift; sourceTree = "<group>"; };
		48F70A7E20B812990027B72D /* Nonce.swift */ = {isa = PBXFileReference; lastKnownFileType = sourcecode.swift; path = Nonce.swift; sourceTree = "<group>"; };
/* End PBXFileReference section */

/* Begin PBXFrameworksBuildPhase section */
		48ED060120B8618F00C639E5 /* Frameworks */ = {
			isa = PBXFrameworksBuildPhase;
			buildActionMask = 2147483647;
			files = (
			);
			runOnlyForDeploymentPostprocessing = 0;
		};
		48ED060A20B8618F00C639E5 /* Frameworks */ = {
			isa = PBXFrameworksBuildPhase;
			buildActionMask = 2147483647;
			files = (
				48ED060E20B8618F00C639E5 /* Zesame.framework in Frameworks */,
			);
			runOnlyForDeploymentPostprocessing = 0;
		};
		48F70A1120B72DD00027B72D /* Frameworks */ = {
			isa = PBXFrameworksBuildPhase;
			buildActionMask = 2147483647;
			files = (
				4871665B2141ADEA00F0B413 /* BigInt.framework in Frameworks */,
				483460AB2145C183007E5D5C /* APIKit.framework in Frameworks */,
				4871665C2141ADEA00F0B413 /* SipHash.framework in Frameworks */,
				483460A42145BD28007E5D5C /* JSONRPCKit.framework in Frameworks */,
				483F0F802146FB8D00E6EE08 /* RxCocoa.framework in Frameworks */,
				483F0F812146FB8D00E6EE08 /* RxSwift.framework in Frameworks */,
				483460A52145BD28007E5D5C /* Result.framework in Frameworks */,
				482E31702144421F00D81A91 /* EllipticCurveKit.framework in Frameworks */,
			);
			runOnlyForDeploymentPostprocessing = 0;
		};
		48F70A1B20B72DD00027B72D /* Frameworks */ = {
			isa = PBXFrameworksBuildPhase;
			buildActionMask = 2147483647;
			files = (
				48F70A1F20B72DD00027B72D /* Zesame.framework in Frameworks */,
				48B5B2FC2148321500147005 /* RxTest.framework in Frameworks */,
				48B5B2F32148321400147005 /* APIKit.framework in Frameworks */,
				48B5B2F42148321400147005 /* BigInt.framework in Frameworks */,
				48B5B2F52148321400147005 /* EllipticCurveKit.framework in Frameworks */,
				48B5B2F62148321400147005 /* JSONRPCKit.framework in Frameworks */,
				48B5B2F72148321400147005 /* Result.framework in Frameworks */,
				48B5B2F82148321400147005 /* RxCocoa.framework in Frameworks */,
				48B5B2F92148321400147005 /* RxSwift.framework in Frameworks */,
				48B5B2FA2148321400147005 /* SipHash.framework in Frameworks */,
			);
			runOnlyForDeploymentPostprocessing = 0;
		};
/* End PBXFrameworksBuildPhase section */

/* Begin PBXGroup section */
		48196F212157C471009C40BB /* Cryptography */ = {
			isa = PBXGroup;
			children = (
				48196F222157C480009C40BB /* Scrypt.swift */,
			);
			path = Cryptography;
			sourceTree = "<group>";
		};
		48196F282157C5C1009C40BB /* Keystore */ = {
			isa = PBXGroup;
			children = (
				48196F292157C5CA009C40BB /* Keystore.swift */,
			);
			path = Keystore;
			sourceTree = "<group>";
		};
		483460A62145BD38007E5D5C /* Services */ = {
			isa = PBXGroup;
			children = (
				488A65852155AC7A0091FD03 /* ZilliqaService+Rx */,
				488A65842155AC680091FD03 /* APIClient */,
				488A65832155AC580091FD03 /* APIModels */,
				483F0F8A214704D700E6EE08 /* Error.swift */,
			);
			path = Services;
			sourceTree = "<group>";
		};
		483F0F822146FBCA00E6EE08 /* Extensions */ = {
			isa = PBXGroup;
			children = (
				488A658A2157A1670091FD03 /* DispatchQueue+Sugar.swift */,
			);
			path = Extensions;
			sourceTree = "<group>";
		};
		483F0F8D2147081500E6EE08 /* Balance */ = {
			isa = PBXGroup;
			children = (
				483F0F8F2147083800E6EE08 /* BalanceRequest.swift */,
				483F0F922147085500E6EE08 /* BalanceResponse.swift */,
			);
			path = Balance;
			sourceTree = "<group>";
		};
		487166562141ADEA00F0B413 /* Frameworks */ = {
			isa = PBXGroup;
			children = (
				48B5B2FB2148321500147005 /* RxTest.framework */,
				483F0F7E2146FB8D00E6EE08 /* RxCocoa.framework */,
				483F0F7F2146FB8D00E6EE08 /* RxSwift.framework */,
				483460AA2145C182007E5D5C /* APIKit.framework */,
				483460A22145BD28007E5D5C /* JSONRPCKit.framework */,
				483460A32145BD28007E5D5C /* Result.framework */,
				48E849C62144404F00A06C40 /* EllipticCurveKit.framework */,
				487166582141ADEA00F0B413 /* BigInt.framework */,
				487166592141ADEA00F0B413 /* SipHash.framework */,
			);
			name = Frameworks;
			sourceTree = "<group>";
		};
		488A65832155AC580091FD03 /* APIModels */ = {
			isa = PBXGroup;
			children = (
				483F0F952147087700E6EE08 /* ZilliqaRequest.swift */,
				483F0F8D2147081500E6EE08 /* Balance */,
				48D4114D2147204500E2F207 /* Transaction */,
			);
			path = APIModels;
			sourceTree = "<group>";
		};
		488A65842155AC680091FD03 /* APIClient */ = {
			isa = PBXGroup;
			children = (
				484E09EC215440B1003D928E /* APIClient.swift */,
				484E09EF21544134003D928E /* DefaultAPIClient.swift */,
			);
			path = APIClient;
			sourceTree = "<group>";
		};
		488A65852155AC7A0091FD03 /* ZilliqaService+Rx */ = {
			isa = PBXGroup;
			children = (
				483F0F982147091900E6EE08 /* DefaultZilliqaService.swift */,
				483F0F9B2147093D00E6EE08 /* ZilliqaService+APIKit+ErrorMapping.swift */,
				483460A72145BD4A007E5D5C /* ZilliqaService.swift */,
				48196F252157C574009C40BB /* ZilliqaService+DefaultImplementations.swift */,
				488A65862155ACD20091FD03 /* ZilliqaService+Signing.swift */,
				483F0F7B2146F9FA00E6EE08 /* Rx+ZilliqaService.swift */,
			);
			path = "ZilliqaService+Rx";
			sourceTree = "<group>";
		};
		48D4114D2147204500E2F207 /* Transaction */ = {
			isa = PBXGroup;
			children = (
				48D4114E2147205200E2F207 /* TransactionRequest.swift */,
				484E09E921543F3B003D928E /* MessageFromUnsignedTransaction.swift */,
			);
			path = Transaction;
			sourceTree = "<group>";
		};
		48ED0E6620E80588005DA19C /* OLD */ = {
			isa = PBXGroup;
			children = (
				48F70A3620B72E930027B72D /* AddressTests.swift */,
				48F70A5920B802E70027B72D /* AmountModelTests.swift */,
				48F70A5020B7FE590027B72D /* GasTests.swift */,
				48F70A5320B7FFC10027B72D /* GasPriceTests.swift */,
				48F70A5520B7FFDE0027B72D /* GasLimitTests.swift */,
				48F70A5720B801A90027B72D /* PaymentModelTests.swift */,
				48838C9420B9F64800C18DC2 /* WalletTests.swift */,
			);
			path = OLD;
			sourceTree = "<group>";
		};
		48ED0E6A20E80720005DA19C /* BigNumber */ = {
			isa = PBXGroup;
			children = (
				48ED0E6B20E80731005DA19C /* BigNumber.swift */,
				48ED0E6E20E80754005DA19C /* UInt256+ExpressibleByStringLiteral.swift */,
			);
			path = BigNumber;
			sourceTree = "<group>";
		};
		48F70A0B20B72DCF0027B72D = {
			isa = PBXGroup;
			children = (
				48F70A1620B72DD00027B72D /* Products */,
				48F70A3020B72E8A0027B72D /* Source */,
				48F70A3420B72E930027B72D /* Tests */,
				487166562141ADEA00F0B413 /* Frameworks */,
			);
			sourceTree = "<group>";
		};
		48F70A1620B72DD00027B72D /* Products */ = {
			isa = PBXGroup;
			children = (
				48F70A1520B72DD00027B72D /* Zesame.framework */,
				48F70A1E20B72DD00027B72D /* ZesameTests.xctest */,
				48ED060520B8618F00C639E5 /* Zesame.framework */,
				48ED060D20B8618F00C639E5 /* ZesameTests.xctest */,
			);
			name = Products;
			sourceTree = "<group>";
		};
		48F70A3020B72E8A0027B72D /* Source */ = {
			isa = PBXGroup;
			children = (
				48196F212157C471009C40BB /* Cryptography */,
				483F0F822146FBCA00E6EE08 /* Extensions */,
				483460A62145BD38007E5D5C /* Services */,
				48ED0E6A20E80720005DA19C /* BigNumber */,
				48F70A4920B7F52B0027B72D /* Models */,
				48F70A4020B730070027B72D /* Configurations */,
				48F70A3120B72E8A0027B72D /* SupportingFiles */,
			);
			path = Source;
			sourceTree = "<group>";
		};
		48F70A3120B72E8A0027B72D /* SupportingFiles */ = {
			isa = PBXGroup;
			children = (
				48E76FB120B9D6160027A3FE /* ZilliqaSDK_macOS.h */,
				48C89FC42142C4F10063B0FA /* Zesame-Info.plist */,
				48F70A3320B72E8A0027B72D /* ZilliqaSDK.h */,
			);
			path = SupportingFiles;
			sourceTree = "<group>";
		};
		48F70A3420B72E930027B72D /* Tests */ = {
			isa = PBXGroup;
			children = (
				48F70A4420B7F4590027B72D /* Configurations */,
				48F70A3520B72E930027B72D /* Tests */,
				48F70A3720B72E930027B72D /* SupportingFiles */,
			);
			path = Tests;
			sourceTree = "<group>";
		};
		48F70A3520B72E930027B72D /* Tests */ = {
			isa = PBXGroup;
			children = (
				48ED0E6620E80588005DA19C /* OLD */,
				48B5B2F021482EC600147005 /* TransactionSigningTests.swift */,
				48B5B2EE21482EC600147005 /* ZilliqaSDK iOS Tests-Bridging-Header.h */,
				48B5B2EF21482EC600147005 /* ZilliqaSDK macOS Tests-Bridging-Header.h */,
				488A658D2157BC5F0091FD03 /* ExportKeystoreTests.swift */,
			);
			path = Tests;
			sourceTree = "<group>";
		};
		48F70A3720B72E930027B72D /* SupportingFiles */ = {
			isa = PBXGroup;
			children = (
				4818AAC52144494200F06F7E /* ZilliqaSDKTests-Info.plist */,
			);
			path = SupportingFiles;
			sourceTree = "<group>";
		};
		48F70A4020B730070027B72D /* Configurations */ = {
			isa = PBXGroup;
			children = (
				48BD4AE1215EA846005F1B18 /* Zesame-iOS-Common.xcconfig */,
				48BD4ADC215EA846005F1B18 /* Zesame-iOS-Debug.xcconfig */,
				48BD4AE0215EA846005F1B18 /* Zesame-iOS-Release.xcconfig */,
				48BD4ADF215EA846005F1B18 /* Zesame-macOS-Common.xcconfig */,
				48BD4ADD215EA846005F1B18 /* Zesame-macOS-Debug.xcconfig */,
				48BD4ADB215EA846005F1B18 /* Zesame-macOS-Release.xcconfig */,
				48BD4ADE215EA846005F1B18 /* Zesame-Shared.xcconfig */,
			);
			path = Configurations;
			sourceTree = "<group>";
		};
		48F70A4420B7F4590027B72D /* Configurations */ = {
			isa = PBXGroup;
			children = (
				48ED062420B86C1D00C639E5 /* ZilliqaSDKTests-iOS-Common.xcconfig */,
				48ED062020B86C1C00C639E5 /* ZilliqaSDKTests-iOS-Debug.xcconfig */,
				48ED062520B86C1D00C639E5 /* ZilliqaSDKTests-iOS-Release.xcconfig */,
				48ED062120B86C1C00C639E5 /* ZilliqaSDKTests-macOS-Common.xcconfig */,
				48ED062220B86C1C00C639E5 /* ZilliqaSDKTests-macOS-Debug.xcconfig */,
				48ED062320B86C1D00C639E5 /* ZilliqaSDKTests-macOS-Release.xcconfig */,
			);
			path = Configurations;
			sourceTree = "<group>";
		};
		48F70A4920B7F52B0027B72D /* Models */ = {
			isa = PBXGroup;
			children = (
				48F70A7720B811290027B72D /* Wallet */,
				48F70A7620B811150027B72D /* Payment */,
				48F70A7B20B811A00027B72D /* Amount.swift */,
			);
			path = Models;
			sourceTree = "<group>";
		};
		48F70A7620B811150027B72D /* Payment */ = {
			isa = PBXGroup;
			children = (
				48F70A4A20B7F55B0027B72D /* Payment.swift */,
				48F70A4C20B7F9940027B72D /* Gas.swift */,
				48D411492147200A00E2F207 /* Recipient.swift */,
				48D4114B2147202500E2F207 /* Transaction.swift */,
			);
			path = Payment;
			sourceTree = "<group>";
		};
		48F70A7720B811290027B72D /* Wallet */ = {
			isa = PBXGroup;
			children = (
				48196F282157C5C1009C40BB /* Keystore */,
				48F70A7820B811330027B72D /* Wallet.swift */,
				48F70A7E20B812990027B72D /* Nonce.swift */,
			);
			path = Wallet;
			sourceTree = "<group>";
		};
/* End PBXGroup section */

/* Begin PBXHeadersBuildPhase section */
		48ED060220B8618F00C639E5 /* Headers */ = {
			isa = PBXHeadersBuildPhase;
			buildActionMask = 2147483647;
			files = (
				48E76FB420B9D6210027A3FE /* ZilliqaSDK_macOS.h in Headers */,
			);
			runOnlyForDeploymentPostprocessing = 0;
		};
		48F70A1220B72DD00027B72D /* Headers */ = {
			isa = PBXHeadersBuildPhase;
			buildActionMask = 2147483647;
			files = (
				48F70A4820B7F4D00027B72D /* ZilliqaSDK.h in Headers */,
			);
			runOnlyForDeploymentPostprocessing = 0;
		};
/* End PBXHeadersBuildPhase section */

/* Begin PBXNativeTarget section */
		48ED060420B8618F00C639E5 /* Zesame-macOS */ = {
			isa = PBXNativeTarget;
			buildConfigurationList = 48ED061620B8618F00C639E5 /* Build configuration list for PBXNativeTarget "Zesame-macOS" */;
			buildPhases = (
				48ED060020B8618F00C639E5 /* Sources */,
				48ED060120B8618F00C639E5 /* Frameworks */,
				48ED060220B8618F00C639E5 /* Headers */,
				48ED060320B8618F00C639E5 /* Resources */,
			);
			buildRules = (
			);
			dependencies = (
			);
			name = "Zesame-macOS";
			productName = "ZilliqaSDK-macOS";
			productReference = 48ED060520B8618F00C639E5 /* Zesame.framework */;
			productType = "com.apple.product-type.framework";
		};
		48ED060C20B8618F00C639E5 /* Zesame-macOS-Tests */ = {
			isa = PBXNativeTarget;
			buildConfigurationList = 48ED061920B8618F00C639E5 /* Build configuration list for PBXNativeTarget "Zesame-macOS-Tests" */;
			buildPhases = (
				48ED060920B8618F00C639E5 /* Sources */,
				48ED060A20B8618F00C639E5 /* Frameworks */,
				48ED060B20B8618F00C639E5 /* Resources */,
			);
			buildRules = (
			);
			dependencies = (
				48ED061020B8618F00C639E5 /* PBXTargetDependency */,
			);
			name = "Zesame-macOS-Tests";
			productName = "ZilliqaSDK-macOSTests";
			productReference = 48ED060D20B8618F00C639E5 /* ZesameTests.xctest */;
			productType = "com.apple.product-type.bundle.unit-test";
		};
		48F70A1420B72DD00027B72D /* Zesame-iOS */ = {
			isa = PBXNativeTarget;
			buildConfigurationList = 48F70A2920B72DD00027B72D /* Build configuration list for PBXNativeTarget "Zesame-iOS" */;
			buildPhases = (
				48F70A1020B72DD00027B72D /* Sources */,
				48F70A1120B72DD00027B72D /* Frameworks */,
				48F70A1220B72DD00027B72D /* Headers */,
				48F70A1320B72DD00027B72D /* Resources */,
			);
			buildRules = (
			);
			dependencies = (
			);
			name = "Zesame-iOS";
			productName = ZilliqaSDK;
			productReference = 48F70A1520B72DD00027B72D /* Zesame.framework */;
			productType = "com.apple.product-type.framework";
		};
		48F70A1D20B72DD00027B72D /* Zesame-iOS-Tests */ = {
			isa = PBXNativeTarget;
			buildConfigurationList = 48F70A2C20B72DD00027B72D /* Build configuration list for PBXNativeTarget "Zesame-iOS-Tests" */;
			buildPhases = (
				48F70A1A20B72DD00027B72D /* Sources */,
				48F70A1B20B72DD00027B72D /* Frameworks */,
				48F70A1C20B72DD00027B72D /* Resources */,
			);
			buildRules = (
			);
			dependencies = (
				48F70A2120B72DD00027B72D /* PBXTargetDependency */,
			);
			name = "Zesame-iOS-Tests";
			productName = ZilliqaSDKTests;
			productReference = 48F70A1E20B72DD00027B72D /* ZesameTests.xctest */;
			productType = "com.apple.product-type.bundle.unit-test";
		};
/* End PBXNativeTarget section */

/* Begin PBXProject section */
		48F70A0C20B72DCF0027B72D /* Project object */ = {
			isa = PBXProject;
			attributes = {
				LastSwiftUpdateCheck = 0940;
				LastUpgradeCheck = 0930;
				ORGANIZATIONNAME = "Open Zesame";
				TargetAttributes = {
					48ED060420B8618F00C639E5 = {
						CreatedOnToolsVersion = 9.4;
					};
					48ED060C20B8618F00C639E5 = {
						CreatedOnToolsVersion = 9.4;
						LastSwiftMigration = 1000;
					};
					48F70A1420B72DD00027B72D = {
						CreatedOnToolsVersion = 9.3;
						LastSwiftMigration = 0930;
					};
					48F70A1D20B72DD00027B72D = {
						CreatedOnToolsVersion = 9.3;
						LastSwiftMigration = 1000;
					};
				};
			};
			buildConfigurationList = 48F70A0F20B72DCF0027B72D /* Build configuration list for PBXProject "Zesame" */;
			compatibilityVersion = "Xcode 9.3";
			developmentRegion = en;
			hasScannedForEncodings = 0;
			knownRegions = (
				en,
			);
			mainGroup = 48F70A0B20B72DCF0027B72D;
			productRefGroup = 48F70A1620B72DD00027B72D /* Products */;
			projectDirPath = "";
			projectRoot = "";
			targets = (
				48F70A1420B72DD00027B72D /* Zesame-iOS */,
				48F70A1D20B72DD00027B72D /* Zesame-iOS-Tests */,
				48ED060420B8618F00C639E5 /* Zesame-macOS */,
				48ED060C20B8618F00C639E5 /* Zesame-macOS-Tests */,
			);
		};
/* End PBXProject section */

/* Begin PBXResourcesBuildPhase section */
		48ED060320B8618F00C639E5 /* Resources */ = {
			isa = PBXResourcesBuildPhase;
			buildActionMask = 2147483647;
			files = (
			);
			runOnlyForDeploymentPostprocessing = 0;
		};
		48ED060B20B8618F00C639E5 /* Resources */ = {
			isa = PBXResourcesBuildPhase;
			buildActionMask = 2147483647;
			files = (
			);
			runOnlyForDeploymentPostprocessing = 0;
		};
		48F70A1320B72DD00027B72D /* Resources */ = {
			isa = PBXResourcesBuildPhase;
			buildActionMask = 2147483647;
			files = (
			);
			runOnlyForDeploymentPostprocessing = 0;
		};
		48F70A1C20B72DD00027B72D /* Resources */ = {
			isa = PBXResourcesBuildPhase;
			buildActionMask = 2147483647;
			files = (
			);
			runOnlyForDeploymentPostprocessing = 0;
		};
/* End PBXResourcesBuildPhase section */

/* Begin PBXSourcesBuildPhase section */
		48ED060020B8618F00C639E5 /* Sources */ = {
			isa = PBXSourcesBuildPhase;
			buildActionMask = 2147483647;
			files = (
				48ED0E6D20E80731005DA19C /* BigNumber.swift in Sources */,
				483F0F9A2147091900E6EE08 /* DefaultZilliqaService.swift in Sources */,
				48196F272157C574009C40BB /* ZilliqaService+DefaultImplementations.swift in Sources */,
				483F0F7D2146F9FA00E6EE08 /* Rx+ZilliqaService.swift in Sources */,
				483F0F912147083800E6EE08 /* BalanceRequest.swift in Sources */,
				48ED0E5320E7F158005DA19C /* Amount.swift in Sources */,
				48196F2B2157C5CA009C40BB /* Keystore.swift in Sources */,
				484E09EE215440B4003D928E /* APIClient.swift in Sources */,
				488A658C2157A1670091FD03 /* DispatchQueue+Sugar.swift in Sources */,
				48D411512147206300E2F207 /* Recipient.swift in Sources */,
				484E09EB21543F43003D928E /* MessageFromUnsignedTransaction.swift in Sources */,
				483F0F942147085500E6EE08 /* BalanceResponse.swift in Sources */,
				483F0F8C214704D700E6EE08 /* Error.swift in Sources */,
				48ED0E5020E7F150005DA19C /* Wallet.swift in Sources */,
				48ED0E5220E7F155005DA19C /* Nonce.swift in Sources */,
				483F0F972147087700E6EE08 /* ZilliqaRequest.swift in Sources */,
				48D411522147206600E2F207 /* Transaction.swift in Sources */,
				48ED0E5520E7F15D005DA19C /* Gas.swift in Sources */,
				484E09F121544134003D928E /* DefaultAPIClient.swift in Sources */,
				48ED0E5420E7F15D005DA19C /* Payment.swift in Sources */,
				483460A92145BD4C007E5D5C /* ZilliqaService.swift in Sources */,
				483F0F9D2147093D00E6EE08 /* ZilliqaService+APIKit+ErrorMapping.swift in Sources */,
				48ED0E7020E80754005DA19C /* UInt256+ExpressibleByStringLiteral.swift in Sources */,
				48196F242157C480009C40BB /* Scrypt.swift in Sources */,
				48D411502147205500E2F207 /* TransactionRequest.swift in Sources */,
				488A65882155ACD20091FD03 /* ZilliqaService+Signing.swift in Sources */,
			);
			runOnlyForDeploymentPostprocessing = 0;
		};
		48ED060920B8618F00C639E5 /* Sources */ = {
			isa = PBXSourcesBuildPhase;
			buildActionMask = 2147483647;
			files = (
				48B5B2F221482EC600147005 /* TransactionSigningTests.swift in Sources */,
				488A658F2157BC5F0091FD03 /* ExportKeystoreTests.swift in Sources */,
			);
			runOnlyForDeploymentPostprocessing = 0;
		};
		48F70A1020B72DD00027B72D /* Sources */ = {
			isa = PBXSourcesBuildPhase;
			buildActionMask = 2147483647;
			files = (
				48ED0E6C20E80731005DA19C /* BigNumber.swift in Sources */,
				483F0F992147091900E6EE08 /* DefaultZilliqaService.swift in Sources */,
				48196F262157C574009C40BB /* ZilliqaService+DefaultImplementations.swift in Sources */,
				48D4114F2147205200E2F207 /* TransactionRequest.swift in Sources */,
				483F0F7C2146F9FA00E6EE08 /* Rx+ZilliqaService.swift in Sources */,
				483F0F902147083800E6EE08 /* BalanceRequest.swift in Sources */,
				48196F2A2157C5CA009C40BB /* Keystore.swift in Sources */,
				484E09ED215440B1003D928E /* APIClient.swift in Sources */,
				488A658B2157A1670091FD03 /* DispatchQueue+Sugar.swift in Sources */,
				48F70A7D20B812080027B72D /* Amount.swift in Sources */,
				484E09EA21543F3B003D928E /* MessageFromUnsignedTransaction.swift in Sources */,
				483F0F932147085500E6EE08 /* BalanceResponse.swift in Sources */,
				48D4114A2147200A00E2F207 /* Recipient.swift in Sources */,
				483F0F8B214704D700E6EE08 /* Error.swift in Sources */,
				48D4114C2147202500E2F207 /* Transaction.swift in Sources */,
				48F70A7A20B811370027B72D /* Wallet.swift in Sources */,
				48F70A4B20B7F55B0027B72D /* Payment.swift in Sources */,
				483F0F962147087700E6EE08 /* ZilliqaRequest.swift in Sources */,
				484E09F021544134003D928E /* DefaultAPIClient.swift in Sources */,
				48F70A4D20B7F9940027B72D /* Gas.swift in Sources */,
				48F70A8320B812F70027B72D /* Nonce.swift in Sources */,
				483460A82145BD4A007E5D5C /* ZilliqaService.swift in Sources */,
				483F0F9C2147093D00E6EE08 /* ZilliqaService+APIKit+ErrorMapping.swift in Sources */,
				48196F232157C480009C40BB /* Scrypt.swift in Sources */,
				48ED0E6F20E80754005DA19C /* UInt256+ExpressibleByStringLiteral.swift in Sources */,
				488A65872155ACD20091FD03 /* ZilliqaService+Signing.swift in Sources */,
			);
			runOnlyForDeploymentPostprocessing = 0;
		};
		48F70A1A20B72DD00027B72D /* Sources */ = {
			isa = PBXSourcesBuildPhase;
			buildActionMask = 2147483647;
			files = (
				48B5B2F121482EC600147005 /* TransactionSigningTests.swift in Sources */,
				488A658E2157BC5F0091FD03 /* ExportKeystoreTests.swift in Sources */,
			);
			runOnlyForDeploymentPostprocessing = 0;
		};
/* End PBXSourcesBuildPhase section */

/* Begin PBXTargetDependency section */
		48ED061020B8618F00C639E5 /* PBXTargetDependency */ = {
			isa = PBXTargetDependency;
			target = 48ED060420B8618F00C639E5 /* Zesame-macOS */;
			targetProxy = 48ED060F20B8618F00C639E5 /* PBXContainerItemProxy */;
		};
		48F70A2120B72DD00027B72D /* PBXTargetDependency */ = {
			isa = PBXTargetDependency;
			target = 48F70A1420B72DD00027B72D /* Zesame-iOS */;
			targetProxy = 48F70A2020B72DD00027B72D /* PBXContainerItemProxy */;
		};
/* End PBXTargetDependency section */

/* Begin XCBuildConfiguration section */
		48ED061720B8618F00C639E5 /* Debug */ = {
			isa = XCBuildConfiguration;
			baseConfigurationReference = 48BD4ADD215EA846005F1B18 /* Zesame-macOS-Debug.xcconfig */;
			buildSettings = {
			};
			name = Debug;
		};
		48ED061820B8618F00C639E5 /* Release */ = {
			isa = XCBuildConfiguration;
			baseConfigurationReference = 48BD4ADB215EA846005F1B18 /* Zesame-macOS-Release.xcconfig */;
			buildSettings = {
			};
			name = Release;
		};
		48ED061A20B8618F00C639E5 /* Debug */ = {
			isa = XCBuildConfiguration;
			baseConfigurationReference = 48ED062220B86C1C00C639E5 /* ZilliqaSDKTests-macOS-Debug.xcconfig */;
			buildSettings = {
				CLANG_ENABLE_MODULES = YES;
				LD_RUNPATH_SEARCH_PATHS = (
					"$(inherited)",
					"@executable_path/Frameworks",
					"@loader_path/Frameworks",
				);
				PRODUCT_NAME = ZesameTests;
				SWIFT_OBJC_BRIDGING_HEADER = "Tests/Tests/ZilliqaSDK macOS Tests-Bridging-Header.h";
				SWIFT_OPTIMIZATION_LEVEL = "-Onone";
			};
			name = Debug;
		};
		48ED061B20B8618F00C639E5 /* Release */ = {
			isa = XCBuildConfiguration;
			baseConfigurationReference = 48ED062320B86C1D00C639E5 /* ZilliqaSDKTests-macOS-Release.xcconfig */;
			buildSettings = {
				CLANG_ENABLE_MODULES = YES;
				LD_RUNPATH_SEARCH_PATHS = (
					"$(inherited)",
					"@executable_path/Frameworks",
					"@loader_path/Frameworks",
				);
				PRODUCT_NAME = ZesameTests;
				SWIFT_OBJC_BRIDGING_HEADER = "Tests/Tests/ZilliqaSDK macOS Tests-Bridging-Header.h";
			};
			name = Release;
		};
		48F70A2720B72DD00027B72D /* Debug */ = {
			isa = XCBuildConfiguration;
			buildSettings = {
				SWIFT_VERSION = 4.2;
			};
			name = Debug;
		};
		48F70A2820B72DD00027B72D /* Release */ = {
			isa = XCBuildConfiguration;
			buildSettings = {
				SWIFT_VERSION = 4.2;
			};
			name = Release;
		};
		48F70A2A20B72DD00027B72D /* Debug */ = {
			isa = XCBuildConfiguration;
			baseConfigurationReference = 48BD4ADC215EA846005F1B18 /* Zesame-iOS-Debug.xcconfig */;
			buildSettings = {
			};
			name = Debug;
		};
		48F70A2B20B72DD00027B72D /* Release */ = {
			isa = XCBuildConfiguration;
			baseConfigurationReference = 48BD4AE0215EA846005F1B18 /* Zesame-iOS-Release.xcconfig */;
			buildSettings = {
			};
			name = Release;
		};
		48F70A2D20B72DD00027B72D /* Debug */ = {
			isa = XCBuildConfiguration;
			baseConfigurationReference = 48ED062020B86C1C00C639E5 /* ZilliqaSDKTests-iOS-Debug.xcconfig */;
			buildSettings = {
				CLANG_ENABLE_MODULES = YES;
				DEFINES_MODULE = NO;
				DYLIB_COMPATIBILITY_VERSION = "";
				DYLIB_CURRENT_VERSION = "";
				DYLIB_INSTALL_NAME_BASE = "";
				FRAMEWORK_SEARCH_PATHS = (
					"$(inherited)",
					"$(PROJECT_DIR)/Carthage/Build/iOS",
				);
				LD_RUNPATH_SEARCH_PATHS = (
					"$(inherited)",
					"@executable_path/Frameworks",
					"@loader_path/Frameworks",
					"$(FRAMEWORK_SEARCH_PATHS)",
				);
				MTL_ENABLE_DEBUG_INFO = INCLUDE_SOURCE;
				PRODUCT_MODULE_NAME = "$(PRODUCT_NAME:c99extidentifier)";
				PRODUCT_NAME = ZesameTests;
				SWIFT_OPTIMIZATION_LEVEL = "-Onone";
				TARGETED_DEVICE_FAMILY = "1,2";
			};
			name = Debug;
		};
		48F70A2E20B72DD00027B72D /* Release */ = {
			isa = XCBuildConfiguration;
			baseConfigurationReference = 48ED062520B86C1D00C639E5 /* ZilliqaSDKTests-iOS-Release.xcconfig */;
			buildSettings = {
				CLANG_ENABLE_MODULES = YES;
				DEFINES_MODULE = NO;
				DYLIB_COMPATIBILITY_VERSION = "";
				DYLIB_CURRENT_VERSION = "";
				DYLIB_INSTALL_NAME_BASE = "";
				FRAMEWORK_SEARCH_PATHS = (
					"$(inherited)",
					"$(PROJECT_DIR)/Carthage/Build/iOS",
				);
				LD_RUNPATH_SEARCH_PATHS = (
					"$(inherited)",
					"@executable_path/Frameworks",
					"@loader_path/Frameworks",
					"$(FRAMEWORK_SEARCH_PATHS)",
				);
				ONLY_ACTIVE_ARCH = NO;
				PRODUCT_MODULE_NAME = "$(PRODUCT_NAME:c99extidentifier)";
				PRODUCT_NAME = ZesameTests;
				TARGETED_DEVICE_FAMILY = "1,2";
			};
			name = Release;
		};
/* End XCBuildConfiguration section */

/* Begin XCConfigurationList section */
		48ED061620B8618F00C639E5 /* Build configuration list for PBXNativeTarget "Zesame-macOS" */ = {
			isa = XCConfigurationList;
			buildConfigurations = (
				48ED061720B8618F00C639E5 /* Debug */,
				48ED061820B8618F00C639E5 /* Release */,
			);
			defaultConfigurationIsVisible = 0;
			defaultConfigurationName = Release;
		};
		48ED061920B8618F00C639E5 /* Build configuration list for PBXNativeTarget "Zesame-macOS-Tests" */ = {
			isa = XCConfigurationList;
			buildConfigurations = (
				48ED061A20B8618F00C639E5 /* Debug */,
				48ED061B20B8618F00C639E5 /* Release */,
			);
			defaultConfigurationIsVisible = 0;
			defaultConfigurationName = Release;
		};
		48F70A0F20B72DCF0027B72D /* Build configuration list for PBXProject "Zesame" */ = {
			isa = XCConfigurationList;
			buildConfigurations = (
				48F70A2720B72DD00027B72D /* Debug */,
				48F70A2820B72DD00027B72D /* Release */,
			);
			defaultConfigurationIsVisible = 0;
			defaultConfigurationName = Release;
		};
		48F70A2920B72DD00027B72D /* Build configuration list for PBXNativeTarget "Zesame-iOS" */ = {
			isa = XCConfigurationList;
			buildConfigurations = (
				48F70A2A20B72DD00027B72D /* Debug */,
				48F70A2B20B72DD00027B72D /* Release */,
			);
			defaultConfigurationIsVisible = 0;
			defaultConfigurationName = Release;
		};
		48F70A2C20B72DD00027B72D /* Build configuration list for PBXNativeTarget "Zesame-iOS-Tests" */ = {
			isa = XCConfigurationList;
			buildConfigurations = (
				48F70A2D20B72DD00027B72D /* Debug */,
				48F70A2E20B72DD00027B72D /* Release */,
			);
			defaultConfigurationIsVisible = 0;
			defaultConfigurationName = Release;
		};
/* End XCConfigurationList section */
	};
	rootObject = 48F70A0C20B72DCF0027B72D /* Project object */;
}
