PODS:
  - APIKit (4.0.0):
    - Result (~> 4.0)
  - BigInt (3.1.0):
    - SipHash (~> 1.2)
  - Crashlytics (3.12.0):
    - Fabric (~> 1.9.0)
  - CryptoSwift (0.14.0)
  - DateToolsSwift (4.0.0)
  - Differentiator (3.1.0)
  - EFQRCode (4.4.1):
    - swift_qrcodejs (~> 1.0.1)
  - EllipticCurveKit (0.0.1):
    - BigInt (~> 3.1)
    - CryptoSwift (~> 0.12)
  - Fabric (1.9.0)
  - Firebase/Core (5.15.0):
    - Firebase/CoreOnly
    - FirebaseAnalytics (= 5.4.0)
  - Firebase/CoreOnly (5.15.0):
    - FirebaseCore (= 5.1.10)
  - FirebaseAnalytics (5.4.0):
    - FirebaseCore (~> 5.1)
    - FirebaseInstanceID (~> 3.3)
    - GoogleAppMeasurement (= 5.4.0)
    - GoogleUtilities/AppDelegateSwizzler (~> 5.2)
    - GoogleUtilities/MethodSwizzler (~> 5.2)
    - GoogleUtilities/Network (~> 5.2)
    - "GoogleUtilities/NSData+zlib (~> 5.2)"
    - nanopb (~> 0.3)
  - FirebaseCore (5.1.10):
    - GoogleUtilities/Logger (~> 5.2)
  - FirebaseInstanceID (3.3.0):
    - FirebaseCore (~> 5.1)
    - GoogleUtilities/Environment (~> 5.3)
    - GoogleUtilities/UserDefaults (~> 5.3)
  - GoogleAppMeasurement (5.4.0):
    - GoogleUtilities/AppDelegateSwizzler (~> 5.2)
    - GoogleUtilities/MethodSwizzler (~> 5.2)
    - GoogleUtilities/Network (~> 5.2)
    - "GoogleUtilities/NSData+zlib (~> 5.2)"
    - nanopb (~> 0.3)
  - GoogleUtilities/AppDelegateSwizzler (5.3.6):
    - GoogleUtilities/Environment
    - GoogleUtilities/Logger
    - GoogleUtilities/Network
  - GoogleUtilities/Environment (5.3.6)
  - GoogleUtilities/Logger (5.3.6):
    - GoogleUtilities/Environment
  - GoogleUtilities/MethodSwizzler (5.3.6):
    - GoogleUtilities/Logger
  - GoogleUtilities/Network (5.3.6):
    - GoogleUtilities/Logger
    - "GoogleUtilities/NSData+zlib"
    - GoogleUtilities/Reachability
  - "GoogleUtilities/NSData+zlib (5.3.6)"
  - GoogleUtilities/Reachability (5.3.6):
    - GoogleUtilities/Logger
  - GoogleUtilities/UserDefaults (5.3.6):
    - GoogleUtilities/Logger
  - IQKeyboardManagerSwift (6.2.0)
  - JSONRPCKit (4.0.0):
    - Result (~> 4.0.0)
  - KeychainSwift (13.0.0)
  - M13Checkbox (3.2.2)
  - nanopb (0.3.901):
    - nanopb/decode (= 0.3.901)
    - nanopb/encode (= 0.3.901)
  - nanopb/decode (0.3.901)
  - nanopb/encode (0.3.901)
  - QRCodeReader.swift (9.0.1)
  - Result (4.0.0)
  - RxAtomic (4.4.0)
  - RxBlocking (4.4.0):
    - RxAtomic (~> 4.4)
    - RxSwift (~> 4.0)
  - RxCocoa (4.4.0):
    - RxSwift (~> 4.0)
  - RxDataSources (3.1.0):
    - Differentiator (~> 3.0)
    - RxCocoa (~> 4.0)
    - RxSwift (~> 4.0)
  - RxSwift (4.4.0):
    - RxAtomic (~> 4.4)
  - RxTest (4.4.0):
    - RxAtomic (~> 4.4)
    - RxSwift (~> 4.0)
  - SipHash (1.2.2)
  - SkyFloatingLabelTextField (3.6.0)
  - swift_qrcodejs (1.0.1)
  - SwiftGen (6.0.2)
  - SwiftLint (0.27.0)
  - SwiftProtobuf (1.3.1)
  - SwiftyBeaver (1.6.1)
  - TinyConstraints (3.3.1)
  - Validator (3.1.1)
  - Zesame (0.0.2):
    - APIKit
    - EllipticCurveKit
    - JSONRPCKit
    - RxSwift
    - SwiftProtobuf

DEPENDENCIES:
  - Crashlytics (~> 3.12.0)
  - DateToolsSwift
  - EFQRCode
  - Fabric (~> 1.9.0)
  - Firebase/Core
  - IQKeyboardManagerSwift
  - JSONRPCKit (from `https://github.com/ollitapa/JSONRPCKit.git`, branch `master`)
  - KeychainSwift
  - M13Checkbox
  - QRCodeReader.swift
  - RxBlocking
  - RxCocoa
  - RxDataSources
  - RxTest
  - SkyFloatingLabelTextField
  - SwiftGen
  - SwiftLint
  - SwiftyBeaver
  - TinyConstraints
  - Validator
  - Zesame (from `https://github.com/OpenZesame/Zesame.git`, branch `master`)

SPEC REPOS:
  https://github.com/cocoapods/specs.git:
    - APIKit
    - BigInt
    - Crashlytics
    - CryptoSwift
    - DateToolsSwift
    - Differentiator
    - EFQRCode
    - EllipticCurveKit
    - Fabric
    - Firebase
    - FirebaseAnalytics
    - FirebaseCore
    - FirebaseInstanceID
    - GoogleAppMeasurement
    - GoogleUtilities
    - IQKeyboardManagerSwift
    - KeychainSwift
    - M13Checkbox
    - nanopb
    - QRCodeReader.swift
    - Result
    - RxAtomic
    - RxBlocking
    - RxCocoa
    - RxDataSources
    - RxSwift
    - RxTest
    - SipHash
    - SkyFloatingLabelTextField
    - swift_qrcodejs
    - SwiftGen
    - SwiftLint
    - SwiftProtobuf
    - SwiftyBeaver
    - TinyConstraints
    - Validator

EXTERNAL SOURCES:
  JSONRPCKit:
    :branch: master
    :git: https://github.com/ollitapa/JSONRPCKit.git
  Zesame:
    :branch: master
    :git: https://github.com/OpenZesame/Zesame.git

CHECKOUT OPTIONS:
  JSONRPCKit:
    :commit: 82fb8c89d8a1a38614e2b89214a95fef2d8265c4
    :git: https://github.com/ollitapa/JSONRPCKit.git
  Zesame:
    :commit: f1249f75d1fad9a1c77149317d636b0314489bd4
    :git: https://github.com/OpenZesame/Zesame.git

SPEC CHECKSUMS:
  APIKit: 23ddce4be7eccd746d2ab3c62713cd80d5846d5a
  BigInt: 76b5dfdfa3e2e478d4ffdf161aeede5502e2742f
  Crashlytics: 07fb167b1694128c1c9a5a5cc319b0e9c3ca0933
  CryptoSwift: 35a10419f4dbf0619c13f8c1c180037e115323fa
  DateToolsSwift: 875d97ff9e3a5d54abdd67a269b3f51c757b71ab
  Differentiator: be49ca3408f0ecfc761e4c7763d20c62be01b9ad
  EFQRCode: bffe9cf023327c433e8a65f7b6169cffe989ea59
  EllipticCurveKit: 3418824c08dfec7fd84927e4bc02f7ed5c9f9625
  Fabric: f988e33c97f08930a413e08123064d2e5f68d655
  Firebase: 8bb9268bff82374f2cbaaabb143e725743c316ae
  FirebaseAnalytics: c06f9d70577d79074214700a71fd5d39de5550fb
  FirebaseCore: 35747502d9e8c6ee217385ad04446c7c2aaf9c5c
  FirebaseInstanceID: e2fa4cb35ef5558c200f7f0ad8a53e212215f93e
  GoogleAppMeasurement: 98b71f5e04142793729a5ef23e5b96651ff4b70f
  GoogleUtilities: 95996bea7c7d9b8fb811b7507669a4a8762f80c7
  IQKeyboardManagerSwift: b07ccf9d8cafe993dcd6cb794eb4ba34611a0c4e
  JSONRPCKit: ce08ee53ac1afd6150351531836e0ab842cf567e
  KeychainSwift: 23d6c16cbc33f20fafa30c3d783241b4b87d998c
  M13Checkbox: a8c2491cfbbca10797925fd0b9154a782bf40d89
  nanopb: 2901f78ea1b7b4015c860c2fdd1ea2fee1a18d48
  QRCodeReader.swift: 96292a5612fbc2fd9a0b26f93fa5164c8d02f59d
  Result: 7645bb3f50c2ce726dd0ff2fa7b6f42bbe6c3713
  RxAtomic: eacf60db868c96bfd63320e28619fe29c179656f
  RxBlocking: 138ad53217434444d6eeeb4fb406a45431d92e31
  RxCocoa: df63ebf7b9a70d6b4eeea407ed5dd4efc8979749
  RxDataSources: a843bad90c29817f5923ec8163f4af2de084ceb3
  RxSwift: 5976ecd04fc2fefd648827c23de5e11157faa973
  RxTest: 19d03286bdc0a3aaea5d61d4cde31fdf4bb8a5ba
  SipHash: fad90a4683e420c52ef28063063dbbce248ea6d4
  SkyFloatingLabelTextField: 38164979b79512f9ff9288ad8acfc4bbf5d843e3
  swift_qrcodejs: c181fe5c849d30c699546a23762d7e3dd143ab37
  SwiftGen: e5b047067aa84082826a0c4f1c4c2ddc95bcf74c
  SwiftLint: 3207c1faa2240bf8973b191820a116113cd11073
  SwiftProtobuf: 84cd6b8f4fd2fc3d9fbd80a0aaf2e957d52824ec
  SwiftyBeaver: ccfcdf85a04d429f1633f668650b0ce8020bda3a
  TinyConstraints: dbf7519aefc01ea59d62244300c7718aec68e280
  Validator: b34ab17a8fffd0c1ffd8f9002ead4d1e02cd9e6e
  Zesame: 5c5593265a8651adb27822d43b458078cfa687ea

PODFILE CHECKSUM: 9f46854f2f43f15b2ea852795eb6725493a3af6e

COCOAPODS: 1.5.3
