{
  "object": {
    "pins": [
      {
        "package": "KeychainAccess",
        "repositoryURL": "https://github.com/kishikawakatsumi/KeychainAccess.git",
        "state": {
          "branch": null,
          "revision": "84e546727d66f1adc5439debad16270d0fdd04e7",
          "version": "4.2.2"
        }
      },
      {
        "package": "Stinsen",
        "repositoryURL": "https://github.com/rundfunk47/stinsen",
        "state": {
          "branch": null,
          "revision": "36d97964075dc770046ddef9346a29bfa8982d6d",
          "version": "2.0.7"
        }
      }
    ]
  },
  "version": 1
}
