// !$*UTF8*$!
{
	archiveVersion = 1;
	classes = {
	};
	objectVersion = 55;
	objects = {

/* Begin PBXBuildFile section */
		482053E9280489560061CABB /* AppFeature in Frameworks */ = {isa = PBXBuildFile; productRef = 482053E8280489560061CABB /* AppFeature */; };
		4872FA2D27B4F8F5008B7BD0 /* App.swift in Sources */ = {isa = PBXBuildFile; fileRef = 4872FA1D27B4F8F4008B7BD0 /* App.swift */; };
		4872FA2E27B4F8F5008B7BD0 /* App.swift in Sources */ = {isa = PBXBuildFile; fileRef = 4872FA1D27B4F8F4008B7BD0 /* App.swift */; };
		4873725928044C6B0077DB07 /* Assets.xcassets in Resources */ = {isa = PBXBuildFile; fileRef = 4873725628044C6B0077DB07 /* Assets.xcassets */; };
		4873725B28044C6B0077DB07 /* BackUpWalletPreviewApp.swift in Sources */ = {isa = PBXBuildFile; fileRef = 4873725828044C6B0077DB07 /* BackUpWalletPreviewApp.swift */; };
		48B83CA9280415F500640E52 /* NewPINPreviewApp.swift in Sources */ = {isa = PBXBuildFile; fileRef = 48B83CA8280415F500640E52 /* NewPINPreviewApp.swift */; };
		48B83CAD280415F600640E52 /* Assets.xcassets in Resources */ = {isa = PBXBuildFile; fileRef = 48B83CAC280415F600640E52 /* Assets.xcassets */; };
		48E7797A280D503800105707 /* BackUpWalletFeature in Frameworks */ = {isa = PBXBuildFile; productRef = 48E77979280D503800105707 /* BackUpWalletFeature */; };
		48E7797C280D512C00105707 /* WalletUnsafe in Frameworks */ = {isa = PBXBuildFile; productRef = 48E7797B280D512C00105707 /* WalletUnsafe */; };
		48FCC6CC27E8697200B53220 /* Assets.xcassets in Resources */ = {isa = PBXBuildFile; fileRef = 48FCC6B527E8697200B53220 /* Assets.xcassets */; };
		48FCC6CD27E8697200B53220 /* Assets.xcassets in Resources */ = {isa = PBXBuildFile; fileRef = 48FCC6B527E8697200B53220 /* Assets.xcassets */; };
		48FCC6D027E8697200B53220 /* freesound_mattix_radar.wav in Resources */ = {isa = PBXBuildFile; fileRef = 48FCC6B727E8697200B53220 /* freesound_mattix_radar.wav */; };
		48FCC6D127E8697200B53220 /* freesound_mattix_radar.wav in Resources */ = {isa = PBXBuildFile; fileRef = 48FCC6B727E8697200B53220 /* freesound_mattix_radar.wav */; };
		48FCC6D227E8697200B53220 /* Barlow-Light.ttf in Resources */ = {isa = PBXBuildFile; fileRef = 48FCC6BA27E8697200B53220 /* Barlow-Light.ttf */; };
		48FCC6D327E8697200B53220 /* Barlow-Light.ttf in Resources */ = {isa = PBXBuildFile; fileRef = 48FCC6BA27E8697200B53220 /* Barlow-Light.ttf */; };
		48FCC6D427E8697200B53220 /* Barlow-SemiBoldItalic.ttf in Resources */ = {isa = PBXBuildFile; fileRef = 48FCC6BB27E8697200B53220 /* Barlow-SemiBoldItalic.ttf */; };
		48FCC6D527E8697200B53220 /* Barlow-SemiBoldItalic.ttf in Resources */ = {isa = PBXBuildFile; fileRef = 48FCC6BB27E8697200B53220 /* Barlow-SemiBoldItalic.ttf */; };
		48FCC6D627E8697200B53220 /* Barlow-BoldItalic.ttf in Resources */ = {isa = PBXBuildFile; fileRef = 48FCC6BC27E8697200B53220 /* Barlow-BoldItalic.ttf */; };
		48FCC6D727E8697200B53220 /* Barlow-BoldItalic.ttf in Resources */ = {isa = PBXBuildFile; fileRef = 48FCC6BC27E8697200B53220 /* Barlow-BoldItalic.ttf */; };
		48FCC6D827E8697200B53220 /* Barlow-ExtraLight.ttf in Resources */ = {isa = PBXBuildFile; fileRef = 48FCC6BD27E8697200B53220 /* Barlow-ExtraLight.ttf */; };
		48FCC6D927E8697200B53220 /* Barlow-ExtraLight.ttf in Resources */ = {isa = PBXBuildFile; fileRef = 48FCC6BD27E8697200B53220 /* Barlow-ExtraLight.ttf */; };
		48FCC6DA27E8697200B53220 /* Barlow-ThinItalic.ttf in Resources */ = {isa = PBXBuildFile; fileRef = 48FCC6BE27E8697200B53220 /* Barlow-ThinItalic.ttf */; };
		48FCC6DB27E8697200B53220 /* Barlow-ThinItalic.ttf in Resources */ = {isa = PBXBuildFile; fileRef = 48FCC6BE27E8697200B53220 /* Barlow-ThinItalic.ttf */; };
		48FCC6DC27E8697200B53220 /* Barlow-MediumItalic.ttf in Resources */ = {isa = PBXBuildFile; fileRef = 48FCC6BF27E8697200B53220 /* Barlow-MediumItalic.ttf */; };
		48FCC6DD27E8697200B53220 /* Barlow-MediumItalic.ttf in Resources */ = {isa = PBXBuildFile; fileRef = 48FCC6BF27E8697200B53220 /* Barlow-MediumItalic.ttf */; };
		48FCC6DE27E8697200B53220 /* Barlow-Italic.ttf in Resources */ = {isa = PBXBuildFile; fileRef = 48FCC6C027E8697200B53220 /* Barlow-Italic.ttf */; };
		48FCC6DF27E8697200B53220 /* Barlow-Italic.ttf in Resources */ = {isa = PBXBuildFile; fileRef = 48FCC6C027E8697200B53220 /* Barlow-Italic.ttf */; };
		48FCC6E027E8697200B53220 /* Barlow-ExtraLightItalic.ttf in Resources */ = {isa = PBXBuildFile; fileRef = 48FCC6C127E8697200B53220 /* Barlow-ExtraLightItalic.ttf */; };
		48FCC6E127E8697200B53220 /* Barlow-ExtraLightItalic.ttf in Resources */ = {isa = PBXBuildFile; fileRef = 48FCC6C127E8697200B53220 /* Barlow-ExtraLightItalic.ttf */; };
		48FCC6E227E8697200B53220 /* Barlow-ExtraBoldItalic.ttf in Resources */ = {isa = PBXBuildFile; fileRef = 48FCC6C227E8697200B53220 /* Barlow-ExtraBoldItalic.ttf */; };
		48FCC6E327E8697200B53220 /* Barlow-ExtraBoldItalic.ttf in Resources */ = {isa = PBXBuildFile; fileRef = 48FCC6C227E8697200B53220 /* Barlow-ExtraBoldItalic.ttf */; };
		48FCC6E427E8697200B53220 /* Barlow-Thin.ttf in Resources */ = {isa = PBXBuildFile; fileRef = 48FCC6C327E8697200B53220 /* Barlow-Thin.ttf */; };
		48FCC6E527E8697200B53220 /* Barlow-Thin.ttf in Resources */ = {isa = PBXBuildFile; fileRef = 48FCC6C327E8697200B53220 /* Barlow-Thin.ttf */; };
		48FCC6E627E8697200B53220 /* Barlow-ExtraBold.ttf in Resources */ = {isa = PBXBuildFile; fileRef = 48FCC6C427E8697200B53220 /* Barlow-ExtraBold.ttf */; };
		48FCC6E727E8697200B53220 /* Barlow-ExtraBold.ttf in Resources */ = {isa = PBXBuildFile; fileRef = 48FCC6C427E8697200B53220 /* Barlow-ExtraBold.ttf */; };
		48FCC6E827E8697200B53220 /* Barlow-LightItalic.ttf in Resources */ = {isa = PBXBuildFile; fileRef = 48FCC6C527E8697200B53220 /* Barlow-LightItalic.ttf */; };
		48FCC6E927E8697200B53220 /* Barlow-LightItalic.ttf in Resources */ = {isa = PBXBuildFile; fileRef = 48FCC6C527E8697200B53220 /* Barlow-LightItalic.ttf */; };
		48FCC6EA27E8697200B53220 /* Barlow-Bold.ttf in Resources */ = {isa = PBXBuildFile; fileRef = 48FCC6C627E8697200B53220 /* Barlow-Bold.ttf */; };
		48FCC6EB27E8697200B53220 /* Barlow-Bold.ttf in Resources */ = {isa = PBXBuildFile; fileRef = 48FCC6C627E8697200B53220 /* Barlow-Bold.ttf */; };
		48FCC6EC27E8697200B53220 /* Barlow-Medium.ttf in Resources */ = {isa = PBXBuildFile; fileRef = 48FCC6C727E8697200B53220 /* Barlow-Medium.ttf */; };
		48FCC6ED27E8697200B53220 /* Barlow-Medium.ttf in Resources */ = {isa = PBXBuildFile; fileRef = 48FCC6C727E8697200B53220 /* Barlow-Medium.ttf */; };
		48FCC6EE27E8697200B53220 /* Barlow-Regular.ttf in Resources */ = {isa = PBXBuildFile; fileRef = 48FCC6C827E8697200B53220 /* Barlow-Regular.ttf */; };
		48FCC6EF27E8697200B53220 /* Barlow-Regular.ttf in Resources */ = {isa = PBXBuildFile; fileRef = 48FCC6C827E8697200B53220 /* Barlow-Regular.ttf */; };
		48FCC6F027E8697200B53220 /* Barlow-BlackItalic.ttf in Resources */ = {isa = PBXBuildFile; fileRef = 48FCC6C927E8697200B53220 /* Barlow-BlackItalic.ttf */; };
		48FCC6F127E8697200B53220 /* Barlow-BlackItalic.ttf in Resources */ = {isa = PBXBuildFile; fileRef = 48FCC6C927E8697200B53220 /* Barlow-BlackItalic.ttf */; };
		48FCC6F227E8697200B53220 /* Barlow-SemiBold.ttf in Resources */ = {isa = PBXBuildFile; fileRef = 48FCC6CA27E8697200B53220 /* Barlow-SemiBold.ttf */; };
		48FCC6F327E8697200B53220 /* Barlow-SemiBold.ttf in Resources */ = {isa = PBXBuildFile; fileRef = 48FCC6CA27E8697200B53220 /* Barlow-SemiBold.ttf */; };
		48FCC6F427E8697200B53220 /* Barlow-Black.ttf in Resources */ = {isa = PBXBuildFile; fileRef = 48FCC6CB27E8697200B53220 /* Barlow-Black.ttf */; };
		48FCC6F527E8697200B53220 /* Barlow-Black.ttf in Resources */ = {isa = PBXBuildFile; fileRef = 48FCC6CB27E8697200B53220 /* Barlow-Black.ttf */; };
/* End PBXBuildFile section */

/* Begin PBXFileReference section */
		48526AB127BE3F8600C25518 /* macOS.entitlements */ = {isa = PBXFileReference; fileEncoding = 4; lastKnownFileType = text.plist.entitlements; path = macOS.entitlements; sourceTree = "<group>"; };
		4872FA1D27B4F8F4008B7BD0 /* App.swift */ = {isa = PBXFileReference; lastKnownFileType = sourcecode.swift; path = App.swift; sourceTree = "<group>"; };
		4872FA2427B4F8F5008B7BD0 /* Zhip.app */ = {isa = PBXFileReference; explicitFileType = wrapper.application; includeInIndex = 0; path = Zhip.app; sourceTree = BUILT_PRODUCTS_DIR; };
		4872FA2A27B4F8F5008B7BD0 /* Zhip.app */ = {isa = PBXFileReference; explicitFileType = wrapper.application; includeInIndex = 0; path = Zhip.app; sourceTree = BUILT_PRODUCTS_DIR; };
		4873725628044C6B0077DB07 /* Assets.xcassets */ = {isa = PBXFileReference; lastKnownFileType = folder.assetcatalog; path = Assets.xcassets; sourceTree = "<group>"; };
		4873725828044C6B0077DB07 /* BackUpWalletPreviewApp.swift */ = {isa = PBXFileReference; fileEncoding = 4; lastKnownFileType = sourcecode.swift; path = BackUpWalletPreviewApp.swift; sourceTree = "<group>"; };
		48B83CA6280415F500640E52 /* NewPINPreview.app */ = {isa = PBXFileReference; explicitFileType = wrapper.application; includeInIndex = 0; path = NewPINPreview.app; sourceTree = BUILT_PRODUCTS_DIR; };
		48B83CA8280415F500640E52 /* NewPINPreviewApp.swift */ = {isa = PBXFileReference; lastKnownFileType = sourcecode.swift; path = NewPINPreviewApp.swift; sourceTree = "<group>"; };
		48B83CAC280415F600640E52 /* Assets.xcassets */ = {isa = PBXFileReference; lastKnownFileType = folder.assetcatalog; path = Assets.xcassets; sourceTree = "<group>"; };
		48B83CB5280416E100640E52 /* Zhip_SwiftUI */ = {isa = PBXFileReference; lastKnownFileType = wrapper; name = Zhip_SwiftUI; path = ..; sourceTree = "<group>"; };
		48B83CC42804475500640E52 /* BackUpWalletPreview.app */ = {isa = PBXFileReference; explicitFileType = wrapper.application; includeInIndex = 0; path = BackUpWalletPreview.app; sourceTree = BUILT_PRODUCTS_DIR; };
		48FCC6B527E8697200B53220 /* Assets.xcassets */ = {isa = PBXFileReference; lastKnownFileType = folder.assetcatalog; path = Assets.xcassets; sourceTree = "<group>"; };
		48FCC6B627E8697200B53220 /* Zhip-Info.plist */ = {isa = PBXFileReference; fileEncoding = 4; lastKnownFileType = text.plist.xml; path = "Zhip-Info.plist"; sourceTree = "<group>"; };
		48FCC6B727E8697200B53220 /* freesound_mattix_radar.wav */ = {isa = PBXFileReference; lastKnownFileType = audio.wav; path = freesound_mattix_radar.wav; sourceTree = "<group>"; };
		48FCC6BA27E8697200B53220 /* Barlow-Light.ttf */ = {isa = PBXFileReference; lastKnownFileType = file; path = "Barlow-Light.ttf"; sourceTree = "<group>"; };
		48FCC6BB27E8697200B53220 /* Barlow-SemiBoldItalic.ttf */ = {isa = PBXFileReference; lastKnownFileType = file; path = "Barlow-SemiBoldItalic.ttf"; sourceTree = "<group>"; };
		48FCC6BC27E8697200B53220 /* Barlow-BoldItalic.ttf */ = {isa = PBXFileReference; lastKnownFileType = file; path = "Barlow-BoldItalic.ttf"; sourceTree = "<group>"; };
		48FCC6BD27E8697200B53220 /* Barlow-ExtraLight.ttf */ = {isa = PBXFileReference; lastKnownFileType = file; path = "Barlow-ExtraLight.ttf"; sourceTree = "<group>"; };
		48FCC6BE27E8697200B53220 /* Barlow-ThinItalic.ttf */ = {isa = PBXFileReference; lastKnownFileType = file; path = "Barlow-ThinItalic.ttf"; sourceTree = "<group>"; };
		48FCC6BF27E8697200B53220 /* Barlow-MediumItalic.ttf */ = {isa = PBXFileReference; lastKnownFileType = file; path = "Barlow-MediumItalic.ttf"; sourceTree = "<group>"; };
		48FCC6C027E8697200B53220 /* Barlow-Italic.ttf */ = {isa = PBXFileReference; lastKnownFileType = file; path = "Barlow-Italic.ttf"; sourceTree = "<group>"; };
		48FCC6C127E8697200B53220 /* Barlow-ExtraLightItalic.ttf */ = {isa = PBXFileReference; lastKnownFileType = file; path = "Barlow-ExtraLightItalic.ttf"; sourceTree = "<group>"; };
		48FCC6C227E8697200B53220 /* Barlow-ExtraBoldItalic.ttf */ = {isa = PBXFileReference; lastKnownFileType = file; path = "Barlow-ExtraBoldItalic.ttf"; sourceTree = "<group>"; };
		48FCC6C327E8697200B53220 /* Barlow-Thin.ttf */ = {isa = PBXFileReference; lastKnownFileType = file; path = "Barlow-Thin.ttf"; sourceTree = "<group>"; };
		48FCC6C427E8697200B53220 /* Barlow-ExtraBold.ttf */ = {isa = PBXFileReference; lastKnownFileType = file; path = "Barlow-ExtraBold.ttf"; sourceTree = "<group>"; };
		48FCC6C527E8697200B53220 /* Barlow-LightItalic.ttf */ = {isa = PBXFileReference; lastKnownFileType = file; path = "Barlow-LightItalic.ttf"; sourceTree = "<group>"; };
		48FCC6C627E8697200B53220 /* Barlow-Bold.ttf */ = {isa = PBXFileReference; lastKnownFileType = file; path = "Barlow-Bold.ttf"; sourceTree = "<group>"; };
		48FCC6C727E8697200B53220 /* Barlow-Medium.ttf */ = {isa = PBXFileReference; lastKnownFileType = file; path = "Barlow-Medium.ttf"; sourceTree = "<group>"; };
		48FCC6C827E8697200B53220 /* Barlow-Regular.ttf */ = {isa = PBXFileReference; lastKnownFileType = file; path = "Barlow-Regular.ttf"; sourceTree = "<group>"; };
		48FCC6C927E8697200B53220 /* Barlow-BlackItalic.ttf */ = {isa = PBXFileReference; lastKnownFileType = file; path = "Barlow-BlackItalic.ttf"; sourceTree = "<group>"; };
		48FCC6CA27E8697200B53220 /* Barlow-SemiBold.ttf */ = {isa = PBXFileReference; lastKnownFileType = file; path = "Barlow-SemiBold.ttf"; sourceTree = "<group>"; };
		48FCC6CB27E8697200B53220 /* Barlow-Black.ttf */ = {isa = PBXFileReference; lastKnownFileType = file; path = "Barlow-Black.ttf"; sourceTree = "<group>"; };
/* End PBXFileReference section */

/* Begin PBXFrameworksBuildPhase section */
		4872FA2127B4F8F5008B7BD0 /* Frameworks */ = {
			isa = PBXFrameworksBuildPhase;
			buildActionMask = 2147483647;
			files = (
				482053E9280489560061CABB /* AppFeature in Frameworks */,
			);
			runOnlyForDeploymentPostprocessing = 0;
		};
		4872FA2727B4F8F5008B7BD0 /* Frameworks */ = {
			isa = PBXFrameworksBuildPhase;
			buildActionMask = 2147483647;
			files = (
			);
			runOnlyForDeploymentPostprocessing = 0;
		};
		48B83CA3280415F500640E52 /* Frameworks */ = {
			isa = PBXFrameworksBuildPhase;
			buildActionMask = 2147483647;
			files = (
			);
			runOnlyForDeploymentPostprocessing = 0;
		};
		48B83CC12804475500640E52 /* Frameworks */ = {
			isa = PBXFrameworksBuildPhase;
			buildActionMask = 2147483647;
			files = (
				48E7797A280D503800105707 /* BackUpWalletFeature in Frameworks */,
				48E7797C280D512C00105707 /* WalletUnsafe in Frameworks */,
			);
			runOnlyForDeploymentPostprocessing = 0;
		};
/* End PBXFrameworksBuildPhase section */

/* Begin PBXGroup section */
		48526AAC27BE3F7000C25518 /* Resources */ = {
			isa = PBXGroup;
			children = (
			);
			path = Resources;
			sourceTree = "<group>";
		};
		48526AAF27BE3F8600C25518 /* Resources */ = {
			isa = PBXGroup;
			children = (
				48526AB127BE3F8600C25518 /* macOS.entitlements */,
			);
			path = Resources;
			sourceTree = "<group>";
		};
		4872FA1727B4F8F3008B7BD0 = {
			isa = PBXGroup;
			children = (
				48B83C7B280414F800640E52 /* Previews */,
				48A79E6B27DDBB23006E7938 /* Packages */,
				48A80AC927B675B6002271BB /* Frameworks */,
				4872FA4D27B5573F008B7BD0 /* iOS */,
				4872FA2B27B4F8F5008B7BD0 /* macOS */,
				4872FA2527B4F8F5008B7BD0 /* Products */,
				4872FA1C27B4F8F4008B7BD0 /* Shared */,
			);
			sourceTree = "<group>";
		};
		4872FA1C27B4F8F4008B7BD0 /* Shared */ = {
			isa = PBXGroup;
			children = (
				48FCC6B427E8697200B53220 /* Resources */,
				4872FA1D27B4F8F4008B7BD0 /* App.swift */,
			);
			path = Shared;
			sourceTree = "<group>";
		};
		4872FA2527B4F8F5008B7BD0 /* Products */ = {
			isa = PBXGroup;
			children = (
				4872FA2427B4F8F5008B7BD0 /* Zhip.app */,
				4872FA2A27B4F8F5008B7BD0 /* Zhip.app */,
				48B83CA6280415F500640E52 /* NewPINPreview.app */,
				48B83CC42804475500640E52 /* BackUpWalletPreview.app */,
			);
			name = Products;
			sourceTree = "<group>";
		};
		4872FA2B27B4F8F5008B7BD0 /* macOS */ = {
			isa = PBXGroup;
			children = (
				48526AAF27BE3F8600C25518 /* Resources */,
			);
			path = macOS;
			sourceTree = "<group>";
		};
		4872FA4D27B5573F008B7BD0 /* iOS */ = {
			isa = PBXGroup;
			children = (
				48526AAC27BE3F7000C25518 /* Resources */,
			);
			path = iOS;
			sourceTree = "<group>";
		};
		4873725528044C6B0077DB07 /* BackUpWallet */ = {
			isa = PBXGroup;
			children = (
				4873725628044C6B0077DB07 /* Assets.xcassets */,
				4873725828044C6B0077DB07 /* BackUpWalletPreviewApp.swift */,
			);
			path = BackUpWallet;
			sourceTree = "<group>";
		};
		48A79E6B27DDBB23006E7938 /* Packages */ = {
			isa = PBXGroup;
			children = (
				48B83CB5280416E100640E52 /* Zhip_SwiftUI */,
			);
			name = Packages;
			sourceTree = "<group>";
		};
		48A80AC927B675B6002271BB /* Frameworks */ = {
			isa = PBXGroup;
			children = (
			);
			name = Frameworks;
			sourceTree = "<group>";
		};
		48B83C7B280414F800640E52 /* Previews */ = {
			isa = PBXGroup;
			children = (
				4873725528044C6B0077DB07 /* BackUpWallet */,
				48B83CA7280415F500640E52 /* NewPIN */,
			);
			path = Previews;
			sourceTree = "<group>";
		};
		48B83CA7280415F500640E52 /* NewPIN */ = {
			isa = PBXGroup;
			children = (
				48B83CA8280415F500640E52 /* NewPINPreviewApp.swift */,
				48B83CAC280415F600640E52 /* Assets.xcassets */,
			);
			path = NewPIN;
			sourceTree = "<group>";
		};
		48FCC6B427E8697200B53220 /* Resources */ = {
			isa = PBXGroup;
			children = (
				48FCC6B527E8697200B53220 /* Assets.xcassets */,
				48FCC6B627E8697200B53220 /* Zhip-Info.plist */,
				48FCC6B727E8697200B53220 /* freesound_mattix_radar.wav */,
				48FCC6B827E8697200B53220 /* Fonts */,
			);
			path = Resources;
			sourceTree = "<group>";
		};
		48FCC6B827E8697200B53220 /* Fonts */ = {
			isa = PBXGroup;
			children = (
				48FCC6B927E8697200B53220 /* Barlow */,
			);
			path = Fonts;
			sourceTree = "<group>";
		};
		48FCC6B927E8697200B53220 /* Barlow */ = {
			isa = PBXGroup;
			children = (
				48FCC6BA27E8697200B53220 /* Barlow-Light.ttf */,
				48FCC6BB27E8697200B53220 /* Barlow-SemiBoldItalic.ttf */,
				48FCC6BC27E8697200B53220 /* Barlow-BoldItalic.ttf */,
				48FCC6BD27E8697200B53220 /* Barlow-ExtraLight.ttf */,
				48FCC6BE27E8697200B53220 /* Barlow-ThinItalic.ttf */,
				48FCC6BF27E8697200B53220 /* Barlow-MediumItalic.ttf */,
				48FCC6C027E8697200B53220 /* Barlow-Italic.ttf */,
				48FCC6C127E8697200B53220 /* Barlow-ExtraLightItalic.ttf */,
				48FCC6C227E8697200B53220 /* Barlow-ExtraBoldItalic.ttf */,
				48FCC6C327E8697200B53220 /* Barlow-Thin.ttf */,
				48FCC6C427E8697200B53220 /* Barlow-ExtraBold.ttf */,
				48FCC6C527E8697200B53220 /* Barlow-LightItalic.ttf */,
				48FCC6C627E8697200B53220 /* Barlow-Bold.ttf */,
				48FCC6C727E8697200B53220 /* Barlow-Medium.ttf */,
				48FCC6C827E8697200B53220 /* Barlow-Regular.ttf */,
				48FCC6C927E8697200B53220 /* Barlow-BlackItalic.ttf */,
				48FCC6CA27E8697200B53220 /* Barlow-SemiBold.ttf */,
				48FCC6CB27E8697200B53220 /* Barlow-Black.ttf */,
			);
			path = Barlow;
			sourceTree = "<group>";
		};
/* End PBXGroup section */

/* Begin PBXNativeTarget section */
		4872FA2327B4F8F5008B7BD0 /* Zhip (iOS) */ = {
			isa = PBXNativeTarget;
			buildConfigurationList = 4872FA3527B4F8F5008B7BD0 /* Build configuration list for PBXNativeTarget "Zhip (iOS)" */;
			buildPhases = (
				4872FA2027B4F8F5008B7BD0 /* Sources */,
				4872FA2127B4F8F5008B7BD0 /* Frameworks */,
				4872FA2227B4F8F5008B7BD0 /* Resources */,
			);
			buildRules = (
			);
			dependencies = (
			);
			name = "Zhip (iOS)";
			packageProductDependencies = (
				482053E8280489560061CABB /* AppFeature */,
			);
			productName = "Zhip (iOS)";
			productReference = 4872FA2427B4F8F5008B7BD0 /* Zhip.app */;
			productType = "com.apple.product-type.application";
		};
		4872FA2927B4F8F5008B7BD0 /* Zhip (macOS) */ = {
			isa = PBXNativeTarget;
			buildConfigurationList = 4872FA3827B4F8F5008B7BD0 /* Build configuration list for PBXNativeTarget "Zhip (macOS)" */;
			buildPhases = (
				4872FA2627B4F8F5008B7BD0 /* Sources */,
				4872FA2727B4F8F5008B7BD0 /* Frameworks */,
				4872FA2827B4F8F5008B7BD0 /* Resources */,
			);
			buildRules = (
			);
			dependencies = (
			);
			name = "Zhip (macOS)";
			packageProductDependencies = (
			);
			productName = "Zhip (macOS)";
			productReference = 4872FA2A27B4F8F5008B7BD0 /* Zhip.app */;
			productType = "com.apple.product-type.application";
		};
		48B83CA5280415F500640E52 /* NewPINPreview */ = {
			isa = PBXNativeTarget;
			buildConfigurationList = 48B83CB1280415F600640E52 /* Build configuration list for PBXNativeTarget "NewPINPreview" */;
			buildPhases = (
				48B83CA2280415F500640E52 /* Sources */,
				48B83CA3280415F500640E52 /* Frameworks */,
				48B83CA4280415F500640E52 /* Resources */,
			);
			buildRules = (
			);
			dependencies = (
			);
			name = NewPINPreview;
			packageProductDependencies = (
			);
			productName = NewPINPreview;
			productReference = 48B83CA6280415F500640E52 /* NewPINPreview.app */;
			productType = "com.apple.product-type.application";
		};
		48B83CC32804475500640E52 /* BackUpWalletPreview */ = {
			isa = PBXNativeTarget;
			buildConfigurationList = 48B83CCF2804475600640E52 /* Build configuration list for PBXNativeTarget "BackUpWalletPreview" */;
			buildPhases = (
				48B83CC02804475500640E52 /* Sources */,
				48B83CC12804475500640E52 /* Frameworks */,
				48B83CC22804475500640E52 /* Resources */,
			);
			buildRules = (
			);
			dependencies = (
			);
			name = BackUpWalletPreview;
			packageProductDependencies = (
				48E77979280D503800105707 /* BackUpWalletFeature */,
				48E7797B280D512C00105707 /* WalletUnsafe */,
			);
			productName = BackUpWalletPreview;
			productReference = 48B83CC42804475500640E52 /* BackUpWalletPreview.app */;
			productType = "com.apple.product-type.application";
		};
/* End PBXNativeTarget section */

/* Begin PBXProject section */
		4872FA1827B4F8F3008B7BD0 /* Project object */ = {
			isa = PBXProject;
			attributes = {
				BuildIndependentTargetsInParallel = 1;
				LastSwiftUpdateCheck = 1330;
				LastUpgradeCheck = 1320;
				TargetAttributes = {
					4872FA2327B4F8F5008B7BD0 = {
						CreatedOnToolsVersion = 13.2.1;
					};
					4872FA2927B4F8F5008B7BD0 = {
						CreatedOnToolsVersion = 13.2.1;
					};
					48B83CA5280415F500640E52 = {
						CreatedOnToolsVersion = 13.3;
					};
					48B83CC32804475500640E52 = {
						CreatedOnToolsVersion = 13.3;
					};
				};
			};
			buildConfigurationList = 4872FA1B27B4F8F3008B7BD0 /* Build configuration list for PBXProject "Zhip" */;
			compatibilityVersion = "Xcode 13.0";
			developmentRegion = en;
			hasScannedForEncodings = 0;
			knownRegions = (
				en,
				Base,
			);
			mainGroup = 4872FA1727B4F8F3008B7BD0;
			productRefGroup = 4872FA2527B4F8F5008B7BD0 /* Products */;
			projectDirPath = "";
			projectRoot = "";
			targets = (
				4872FA2327B4F8F5008B7BD0 /* Zhip (iOS) */,
				4872FA2927B4F8F5008B7BD0 /* Zhip (macOS) */,
				48B83CA5280415F500640E52 /* NewPINPreview */,
				48B83CC32804475500640E52 /* BackUpWalletPreview */,
			);
		};
/* End PBXProject section */

/* Begin PBXResourcesBuildPhase section */
		4872FA2227B4F8F5008B7BD0 /* Resources */ = {
			isa = PBXResourcesBuildPhase;
			buildActionMask = 2147483647;
			files = (
				48FCC6EA27E8697200B53220 /* Barlow-Bold.ttf in Resources */,
				48FCC6E427E8697200B53220 /* Barlow-Thin.ttf in Resources */,
				48FCC6F427E8697200B53220 /* Barlow-Black.ttf in Resources */,
				48FCC6F027E8697200B53220 /* Barlow-BlackItalic.ttf in Resources */,
				48FCC6D227E8697200B53220 /* Barlow-Light.ttf in Resources */,
				48FCC6D427E8697200B53220 /* Barlow-SemiBoldItalic.ttf in Resources */,
				48FCC6E827E8697200B53220 /* Barlow-LightItalic.ttf in Resources */,
				48FCC6D627E8697200B53220 /* Barlow-BoldItalic.ttf in Resources */,
				48FCC6EC27E8697200B53220 /* Barlow-Medium.ttf in Resources */,
				48FCC6E027E8697200B53220 /* Barlow-ExtraLightItalic.ttf in Resources */,
				48FCC6E627E8697200B53220 /* Barlow-ExtraBold.ttf in Resources */,
				48FCC6F227E8697200B53220 /* Barlow-SemiBold.ttf in Resources */,
				48FCC6D827E8697200B53220 /* Barlow-ExtraLight.ttf in Resources */,
				48FCC6CC27E8697200B53220 /* Assets.xcassets in Resources */,
				48FCC6DC27E8697200B53220 /* Barlow-MediumItalic.ttf in Resources */,
				48FCC6DE27E8697200B53220 /* Barlow-Italic.ttf in Resources */,
				48FCC6E227E8697200B53220 /* Barlow-ExtraBoldItalic.ttf in Resources */,
				48FCC6DA27E8697200B53220 /* Barlow-ThinItalic.ttf in Resources */,
				48FCC6EE27E8697200B53220 /* Barlow-Regular.ttf in Resources */,
				48FCC6D027E8697200B53220 /* freesound_mattix_radar.wav in Resources */,
			);
			runOnlyForDeploymentPostprocessing = 0;
		};
		4872FA2827B4F8F5008B7BD0 /* Resources */ = {
			isa = PBXResourcesBuildPhase;
			buildActionMask = 2147483647;
			files = (
				48FCC6EB27E8697200B53220 /* Barlow-Bold.ttf in Resources */,
				48FCC6E527E8697200B53220 /* Barlow-Thin.ttf in Resources */,
				48FCC6F527E8697200B53220 /* Barlow-Black.ttf in Resources */,
				48FCC6F127E8697200B53220 /* Barlow-BlackItalic.ttf in Resources */,
				48FCC6D327E8697200B53220 /* Barlow-Light.ttf in Resources */,
				48FCC6D527E8697200B53220 /* Barlow-SemiBoldItalic.ttf in Resources */,
				48FCC6E927E8697200B53220 /* Barlow-LightItalic.ttf in Resources */,
				48FCC6D727E8697200B53220 /* Barlow-BoldItalic.ttf in Resources */,
				48FCC6ED27E8697200B53220 /* Barlow-Medium.ttf in Resources */,
				48FCC6E127E8697200B53220 /* Barlow-ExtraLightItalic.ttf in Resources */,
				48FCC6E727E8697200B53220 /* Barlow-ExtraBold.ttf in Resources */,
				48FCC6F327E8697200B53220 /* Barlow-SemiBold.ttf in Resources */,
				48FCC6D927E8697200B53220 /* Barlow-ExtraLight.ttf in Resources */,
				48FCC6CD27E8697200B53220 /* Assets.xcassets in Resources */,
				48FCC6DD27E8697200B53220 /* Barlow-MediumItalic.ttf in Resources */,
				48FCC6DF27E8697200B53220 /* Barlow-Italic.ttf in Resources */,
				48FCC6E327E8697200B53220 /* Barlow-ExtraBoldItalic.ttf in Resources */,
				48FCC6DB27E8697200B53220 /* Barlow-ThinItalic.ttf in Resources */,
				48FCC6EF27E8697200B53220 /* Barlow-Regular.ttf in Resources */,
				48FCC6D127E8697200B53220 /* freesound_mattix_radar.wav in Resources */,
			);
			runOnlyForDeploymentPostprocessing = 0;
		};
		48B83CA4280415F500640E52 /* Resources */ = {
			isa = PBXResourcesBuildPhase;
			buildActionMask = 2147483647;
			files = (
				48B83CAD280415F600640E52 /* Assets.xcassets in Resources */,
			);
			runOnlyForDeploymentPostprocessing = 0;
		};
		48B83CC22804475500640E52 /* Resources */ = {
			isa = PBXResourcesBuildPhase;
			buildActionMask = 2147483647;
			files = (
				4873725928044C6B0077DB07 /* Assets.xcassets in Resources */,
			);
			runOnlyForDeploymentPostprocessing = 0;
		};
/* End PBXResourcesBuildPhase section */

/* Begin PBXSourcesBuildPhase section */
		4872FA2027B4F8F5008B7BD0 /* Sources */ = {
			isa = PBXSourcesBuildPhase;
			buildActionMask = 2147483647;
			files = (
				4872FA2D27B4F8F5008B7BD0 /* App.swift in Sources */,
			);
			runOnlyForDeploymentPostprocessing = 0;
		};
		4872FA2627B4F8F5008B7BD0 /* Sources */ = {
			isa = PBXSourcesBuildPhase;
			buildActionMask = 2147483647;
			files = (
				4872FA2E27B4F8F5008B7BD0 /* App.swift in Sources */,
			);
			runOnlyForDeploymentPostprocessing = 0;
		};
		48B83CA2280415F500640E52 /* Sources */ = {
			isa = PBXSourcesBuildPhase;
			buildActionMask = 2147483647;
			files = (
				48B83CA9280415F500640E52 /* NewPINPreviewApp.swift in Sources */,
			);
			runOnlyForDeploymentPostprocessing = 0;
		};
		48B83CC02804475500640E52 /* Sources */ = {
			isa = PBXSourcesBuildPhase;
			buildActionMask = 2147483647;
			files = (
				4873725B28044C6B0077DB07 /* BackUpWalletPreviewApp.swift in Sources */,
			);
			runOnlyForDeploymentPostprocessing = 0;
		};
/* End PBXSourcesBuildPhase section */

/* Begin XCBuildConfiguration section */
		4872FA3327B4F8F5008B7BD0 /* Debug */ = {
			isa = XCBuildConfiguration;
			buildSettings = {
				ALWAYS_SEARCH_USER_PATHS = NO;
				CLANG_ANALYZER_NONNULL = YES;
				CLANG_ANALYZER_NUMBER_OBJECT_CONVERSION = YES_AGGRESSIVE;
				CLANG_CXX_LANGUAGE_STANDARD = "gnu++17";
				CLANG_CXX_LIBRARY = "libc++";
				CLANG_ENABLE_MODULES = YES;
				CLANG_ENABLE_OBJC_ARC = YES;
				CLANG_ENABLE_OBJC_WEAK = YES;
				CLANG_WARN_BLOCK_CAPTURE_AUTORELEASING = YES;
				CLANG_WARN_BOOL_CONVERSION = YES;
				CLANG_WARN_COMMA = YES;
				CLANG_WARN_CONSTANT_CONVERSION = YES;
				CLANG_WARN_DEPRECATED_OBJC_IMPLEMENTATIONS = YES;
				CLANG_WARN_DIRECT_OBJC_ISA_USAGE = YES_ERROR;
				CLANG_WARN_DOCUMENTATION_COMMENTS = YES;
				CLANG_WARN_EMPTY_BODY = YES;
				CLANG_WARN_ENUM_CONVERSION = YES;
				CLANG_WARN_INFINITE_RECURSION = YES;
				CLANG_WARN_INT_CONVERSION = YES;
				CLANG_WARN_NON_LITERAL_NULL_CONVERSION = YES;
				CLANG_WARN_OBJC_IMPLICIT_RETAIN_SELF = YES;
				CLANG_WARN_OBJC_LITERAL_CONVERSION = YES;
				CLANG_WARN_OBJC_ROOT_CLASS = YES_ERROR;
				CLANG_WARN_QUOTED_INCLUDE_IN_FRAMEWORK_HEADER = YES;
				CLANG_WARN_RANGE_LOOP_ANALYSIS = YES;
				CLANG_WARN_STRICT_PROTOTYPES = YES;
				CLANG_WARN_SUSPICIOUS_MOVE = YES;
				CLANG_WARN_UNGUARDED_AVAILABILITY = YES_AGGRESSIVE;
				CLANG_WARN_UNREACHABLE_CODE = YES;
				CLANG_WARN__DUPLICATE_METHOD_MATCH = YES;
				COPY_PHASE_STRIP = NO;
				DEBUG_INFORMATION_FORMAT = dwarf;
				ENABLE_STRICT_OBJC_MSGSEND = YES;
				ENABLE_TESTABILITY = YES;
				GCC_C_LANGUAGE_STANDARD = gnu11;
				GCC_DYNAMIC_NO_PIC = NO;
				GCC_NO_COMMON_BLOCKS = YES;
				GCC_OPTIMIZATION_LEVEL = 0;
				GCC_PREPROCESSOR_DEFINITIONS = (
					"DEBUG=1",
					"$(inherited)",
				);
				GCC_WARN_64_TO_32_BIT_CONVERSION = YES;
				GCC_WARN_ABOUT_RETURN_TYPE = YES_ERROR;
				GCC_WARN_UNDECLARED_SELECTOR = YES;
				GCC_WARN_UNINITIALIZED_AUTOS = YES_AGGRESSIVE;
				GCC_WARN_UNUSED_FUNCTION = YES;
				GCC_WARN_UNUSED_VARIABLE = YES;
				INFOPLIST_FILE = "Shared/Resources/Zhip-Info.plist";
				IPHONEOS_DEPLOYMENT_TARGET = 15.2;
				MTL_ENABLE_DEBUG_INFO = INCLUDE_SOURCE;
				MTL_FAST_MATH = YES;
				ONLY_ACTIVE_ARCH = YES;
				SWIFT_ACTIVE_COMPILATION_CONDITIONS = DEBUG;
				SWIFT_OPTIMIZATION_LEVEL = "-Onone";
			};
			name = Debug;
		};
		4872FA3427B4F8F5008B7BD0 /* Release */ = {
			isa = XCBuildConfiguration;
			buildSettings = {
				ALWAYS_SEARCH_USER_PATHS = NO;
				CLANG_ANALYZER_NONNULL = YES;
				CLANG_ANALYZER_NUMBER_OBJECT_CONVERSION = YES_AGGRESSIVE;
				CLANG_CXX_LANGUAGE_STANDARD = "gnu++17";
				CLANG_CXX_LIBRARY = "libc++";
				CLANG_ENABLE_MODULES = YES;
				CLANG_ENABLE_OBJC_ARC = YES;
				CLANG_ENABLE_OBJC_WEAK = YES;
				CLANG_WARN_BLOCK_CAPTURE_AUTORELEASING = YES;
				CLANG_WARN_BOOL_CONVERSION = YES;
				CLANG_WARN_COMMA = YES;
				CLANG_WARN_CONSTANT_CONVERSION = YES;
				CLANG_WARN_DEPRECATED_OBJC_IMPLEMENTATIONS = YES;
				CLANG_WARN_DIRECT_OBJC_ISA_USAGE = YES_ERROR;
				CLANG_WARN_DOCUMENTATION_COMMENTS = YES;
				CLANG_WARN_EMPTY_BODY = YES;
				CLANG_WARN_ENUM_CONVERSION = YES;
				CLANG_WARN_INFINITE_RECURSION = YES;
				CLANG_WARN_INT_CONVERSION = YES;
				CLANG_WARN_NON_LITERAL_NULL_CONVERSION = YES;
				CLANG_WARN_OBJC_IMPLICIT_RETAIN_SELF = YES;
				CLANG_WARN_OBJC_LITERAL_CONVERSION = YES;
				CLANG_WARN_OBJC_ROOT_CLASS = YES_ERROR;
				CLANG_WARN_QUOTED_INCLUDE_IN_FRAMEWORK_HEADER = YES;
				CLANG_WARN_RANGE_LOOP_ANALYSIS = YES;
				CLANG_WARN_STRICT_PROTOTYPES = YES;
				CLANG_WARN_SUSPICIOUS_MOVE = YES;
				CLANG_WARN_UNGUARDED_AVAILABILITY = YES_AGGRESSIVE;
				CLANG_WARN_UNREACHABLE_CODE = YES;
				CLANG_WARN__DUPLICATE_METHOD_MATCH = YES;
				COPY_PHASE_STRIP = NO;
				DEBUG_INFORMATION_FORMAT = "dwarf-with-dsym";
				ENABLE_NS_ASSERTIONS = NO;
				ENABLE_STRICT_OBJC_MSGSEND = YES;
				GCC_C_LANGUAGE_STANDARD = gnu11;
				GCC_NO_COMMON_BLOCKS = YES;
				GCC_WARN_64_TO_32_BIT_CONVERSION = YES;
				GCC_WARN_ABOUT_RETURN_TYPE = YES_ERROR;
				GCC_WARN_UNDECLARED_SELECTOR = YES;
				GCC_WARN_UNINITIALIZED_AUTOS = YES_AGGRESSIVE;
				GCC_WARN_UNUSED_FUNCTION = YES;
				GCC_WARN_UNUSED_VARIABLE = YES;
				INFOPLIST_FILE = "Shared/Resources/Zhip-Info.plist";
				IPHONEOS_DEPLOYMENT_TARGET = 15.2;
				MTL_ENABLE_DEBUG_INFO = NO;
				MTL_FAST_MATH = YES;
				SWIFT_COMPILATION_MODE = wholemodule;
				SWIFT_OPTIMIZATION_LEVEL = "-O";
			};
			name = Release;
		};
		4872FA3627B4F8F5008B7BD0 /* Debug */ = {
			isa = XCBuildConfiguration;
			buildSettings = {
				ASSETCATALOG_COMPILER_APPICON_NAME = AppIcon;
				ASSETCATALOG_COMPILER_GLOBAL_ACCENT_COLOR_NAME = AccentColor;
				CODE_SIGN_STYLE = Automatic;
				CURRENT_PROJECT_VERSION = 1;
				ENABLE_PREVIEWS = YES;
				GENERATE_INFOPLIST_FILE = NO;
				INFOPLIST_FILE = "Shared/Resources/Zhip-Info.plist";
				INFOPLIST_KEY_UIApplicationSceneManifest_Generation = YES;
				INFOPLIST_KEY_UIApplicationSupportsIndirectInputEvents = YES;
				INFOPLIST_KEY_UILaunchScreen_Generation = YES;
				INFOPLIST_KEY_UISupportedInterfaceOrientations_iPad = "UIInterfaceOrientationPortrait UIInterfaceOrientationPortraitUpsideDown UIInterfaceOrientationLandscapeLeft UIInterfaceOrientationLandscapeRight";
				INFOPLIST_KEY_UISupportedInterfaceOrientations_iPhone = "UIInterfaceOrientationPortrait UIInterfaceOrientationLandscapeLeft UIInterfaceOrientationLandscapeRight";
				LD_RUNPATH_SEARCH_PATHS = (
					"$(inherited)",
					"@executable_path/Frameworks",
				);
				MARKETING_VERSION = 1.0;
				PRODUCT_BUNDLE_IDENTIFIER = com.openzesame.Zhip;
				PRODUCT_NAME = Zhip;
				SDKROOT = iphoneos;
				SWIFT_EMIT_LOC_STRINGS = YES;
				SWIFT_VERSION = 5.0;
				TARGETED_DEVICE_FAMILY = "1,2";
			};
			name = Debug;
		};
		4872FA3727B4F8F5008B7BD0 /* Release */ = {
			isa = XCBuildConfiguration;
			buildSettings = {
				ASSETCATALOG_COMPILER_APPICON_NAME = AppIcon;
				ASSETCATALOG_COMPILER_GLOBAL_ACCENT_COLOR_NAME = AccentColor;
				CODE_SIGN_STYLE = Automatic;
				CURRENT_PROJECT_VERSION = 1;
				ENABLE_PREVIEWS = YES;
				GENERATE_INFOPLIST_FILE = NO;
				INFOPLIST_FILE = "Shared/Resources/Zhip-Info.plist";
				INFOPLIST_KEY_UIApplicationSceneManifest_Generation = YES;
				INFOPLIST_KEY_UIApplicationSupportsIndirectInputEvents = YES;
				INFOPLIST_KEY_UILaunchScreen_Generation = YES;
				INFOPLIST_KEY_UISupportedInterfaceOrientations_iPad = "UIInterfaceOrientationPortrait UIInterfaceOrientationPortraitUpsideDown UIInterfaceOrientationLandscapeLeft UIInterfaceOrientationLandscapeRight";
				INFOPLIST_KEY_UISupportedInterfaceOrientations_iPhone = "UIInterfaceOrientationPortrait UIInterfaceOrientationLandscapeLeft UIInterfaceOrientationLandscapeRight";
				LD_RUNPATH_SEARCH_PATHS = (
					"$(inherited)",
					"@executable_path/Frameworks",
				);
				MARKETING_VERSION = 1.0;
				PRODUCT_BUNDLE_IDENTIFIER = com.openzesame.Zhip;
				PRODUCT_NAME = Zhip;
				SDKROOT = iphoneos;
				SWIFT_EMIT_LOC_STRINGS = YES;
				SWIFT_VERSION = 5.0;
				TARGETED_DEVICE_FAMILY = "1,2";
				VALIDATE_PRODUCT = YES;
			};
			name = Release;
		};
		4872FA3927B4F8F5008B7BD0 /* Debug */ = {
			isa = XCBuildConfiguration;
			buildSettings = {
				ASSETCATALOG_COMPILER_APPICON_NAME = AppIcon;
				ASSETCATALOG_COMPILER_GLOBAL_ACCENT_COLOR_NAME = AccentColor;
				CODE_SIGN_ENTITLEMENTS = macOS/Support/macOS.entitlements;
				CODE_SIGN_STYLE = Automatic;
				COMBINE_HIDPI_IMAGES = YES;
				CURRENT_PROJECT_VERSION = 1;
				ENABLE_PREVIEWS = YES;
				GENERATE_INFOPLIST_FILE = NO;
				INFOPLIST_FILE = "Shared/Resources/Zhip-Info.plist";
				INFOPLIST_KEY_NSHumanReadableCopyright = "OpenZesame 2018-2022";
				LD_RUNPATH_SEARCH_PATHS = (
					"$(inherited)",
					"@executable_path/../Frameworks",
				);
				MARKETING_VERSION = 1.0;
				PRODUCT_BUNDLE_IDENTIFIER = com.openzesame.Zhip;
				PRODUCT_NAME = Zhip;
				SDKROOT = macosx;
				SWIFT_EMIT_LOC_STRINGS = YES;
				SWIFT_VERSION = 5.0;
			};
			name = Debug;
		};
		4872FA3A27B4F8F5008B7BD0 /* Release */ = {
			isa = XCBuildConfiguration;
			buildSettings = {
				ASSETCATALOG_COMPILER_APPICON_NAME = AppIcon;
				ASSETCATALOG_COMPILER_GLOBAL_ACCENT_COLOR_NAME = AccentColor;
				CODE_SIGN_ENTITLEMENTS = macOS/Support/macOS.entitlements;
				CODE_SIGN_STYLE = Automatic;
				COMBINE_HIDPI_IMAGES = YES;
				CURRENT_PROJECT_VERSION = 1;
				ENABLE_PREVIEWS = YES;
				GENERATE_INFOPLIST_FILE = NO;
				INFOPLIST_FILE = "Shared/Resources/Zhip-Info.plist";
				INFOPLIST_KEY_NSHumanReadableCopyright = "OpenZesame 2018-2022";
				LD_RUNPATH_SEARCH_PATHS = (
					"$(inherited)",
					"@executable_path/../Frameworks",
				);
				MARKETING_VERSION = 1.0;
				PRODUCT_BUNDLE_IDENTIFIER = com.openzesame.Zhip;
				PRODUCT_NAME = Zhip;
				SDKROOT = macosx;
				SWIFT_EMIT_LOC_STRINGS = YES;
				SWIFT_VERSION = 5.0;
			};
			name = Release;
		};
		48B83CB2280415F600640E52 /* Debug */ = {
			isa = XCBuildConfiguration;
			buildSettings = {
				ASSETCATALOG_COMPILER_APPICON_NAME = AppIcon;
				ASSETCATALOG_COMPILER_GLOBAL_ACCENT_COLOR_NAME = AccentColor;
				CODE_SIGN_STYLE = Automatic;
				CURRENT_PROJECT_VERSION = 1;
				DEVELOPMENT_TEAM = S33QJG3B86;
				ENABLE_PREVIEWS = YES;
				GENERATE_INFOPLIST_FILE = YES;
				INFOPLIST_KEY_UIApplicationSceneManifest_Generation = YES;
				INFOPLIST_KEY_UIApplicationSupportsIndirectInputEvents = YES;
				INFOPLIST_KEY_UILaunchScreen_Generation = YES;
				INFOPLIST_KEY_UISupportedInterfaceOrientations_iPad = "UIInterfaceOrientationPortrait UIInterfaceOrientationPortraitUpsideDown UIInterfaceOrientationLandscapeLeft UIInterfaceOrientationLandscapeRight";
				INFOPLIST_KEY_UISupportedInterfaceOrientations_iPhone = "UIInterfaceOrientationPortrait UIInterfaceOrientationLandscapeLeft UIInterfaceOrientationLandscapeRight";
				IPHONEOS_DEPLOYMENT_TARGET = 15.4;
				LD_RUNPATH_SEARCH_PATHS = (
					"$(inherited)",
					"@executable_path/Frameworks",
				);
				MARKETING_VERSION = 1.0;
				PRODUCT_BUNDLE_IDENTIFIER = com.openzesame.NewPINPreview;
				PRODUCT_NAME = "$(TARGET_NAME)";
				SDKROOT = iphoneos;
				SWIFT_EMIT_LOC_STRINGS = YES;
				SWIFT_VERSION = 5.0;
				TARGETED_DEVICE_FAMILY = "1,2";
			};
			name = Debug;
		};
		48B83CB3280415F600640E52 /* Release */ = {
			isa = XCBuildConfiguration;
			buildSettings = {
				ASSETCATALOG_COMPILER_APPICON_NAME = AppIcon;
				ASSETCATALOG_COMPILER_GLOBAL_ACCENT_COLOR_NAME = AccentColor;
				CODE_SIGN_STYLE = Automatic;
				CURRENT_PROJECT_VERSION = 1;
				DEVELOPMENT_TEAM = S33QJG3B86;
				ENABLE_PREVIEWS = YES;
				GENERATE_INFOPLIST_FILE = YES;
				INFOPLIST_KEY_UIApplicationSceneManifest_Generation = YES;
				INFOPLIST_KEY_UIApplicationSupportsIndirectInputEvents = YES;
				INFOPLIST_KEY_UILaunchScreen_Generation = YES;
				INFOPLIST_KEY_UISupportedInterfaceOrientations_iPad = "UIInterfaceOrientationPortrait UIInterfaceOrientationPortraitUpsideDown UIInterfaceOrientationLandscapeLeft UIInterfaceOrientationLandscapeRight";
				INFOPLIST_KEY_UISupportedInterfaceOrientations_iPhone = "UIInterfaceOrientationPortrait UIInterfaceOrientationLandscapeLeft UIInterfaceOrientationLandscapeRight";
				IPHONEOS_DEPLOYMENT_TARGET = 15.4;
				LD_RUNPATH_SEARCH_PATHS = (
					"$(inherited)",
					"@executable_path/Frameworks",
				);
				MARKETING_VERSION = 1.0;
				PRODUCT_BUNDLE_IDENTIFIER = com.openzesame.NewPINPreview;
				PRODUCT_NAME = "$(TARGET_NAME)";
				SDKROOT = iphoneos;
				SWIFT_EMIT_LOC_STRINGS = YES;
				SWIFT_VERSION = 5.0;
				TARGETED_DEVICE_FAMILY = "1,2";
				VALIDATE_PRODUCT = YES;
			};
			name = Release;
		};
		48B83CD02804475600640E52 /* Debug */ = {
			isa = XCBuildConfiguration;
			buildSettings = {
				ASSETCATALOG_COMPILER_APPICON_NAME = AppIcon;
				ASSETCATALOG_COMPILER_GLOBAL_ACCENT_COLOR_NAME = AccentColor;
				CODE_SIGN_STYLE = Automatic;
				CURRENT_PROJECT_VERSION = 1;
				DEVELOPMENT_TEAM = S33QJG3B86;
				ENABLE_PREVIEWS = YES;
				GENERATE_INFOPLIST_FILE = YES;
				INFOPLIST_KEY_UIApplicationSceneManifest_Generation = YES;
				INFOPLIST_KEY_UIApplicationSupportsIndirectInputEvents = YES;
				INFOPLIST_KEY_UILaunchScreen_Generation = YES;
				INFOPLIST_KEY_UISupportedInterfaceOrientations_iPad = "UIInterfaceOrientationPortrait UIInterfaceOrientationPortraitUpsideDown UIInterfaceOrientationLandscapeLeft UIInterfaceOrientationLandscapeRight";
				INFOPLIST_KEY_UISupportedInterfaceOrientations_iPhone = "UIInterfaceOrientationPortrait UIInterfaceOrientationLandscapeLeft UIInterfaceOrientationLandscapeRight";
				IPHONEOS_DEPLOYMENT_TARGET = 15.4;
				LD_RUNPATH_SEARCH_PATHS = (
					"$(inherited)",
					"@executable_path/Frameworks",
				);
				MARKETING_VERSION = 1.0;
				PRODUCT_BUNDLE_IDENTIFIER = com.openzesame.BackUpWalletPreview;
				PRODUCT_NAME = "$(TARGET_NAME)";
				SDKROOT = iphoneos;
				SWIFT_EMIT_LOC_STRINGS = YES;
				SWIFT_VERSION = 5.0;
				TARGETED_DEVICE_FAMILY = "1,2";
			};
			name = Debug;
		};
		48B83CD12804475600640E52 /* Release */ = {
			isa = XCBuildConfiguration;
			buildSettings = {
				ASSETCATALOG_COMPILER_APPICON_NAME = AppIcon;
				ASSETCATALOG_COMPILER_GLOBAL_ACCENT_COLOR_NAME = AccentColor;
				CODE_SIGN_STYLE = Automatic;
				CURRENT_PROJECT_VERSION = 1;
				DEVELOPMENT_TEAM = S33QJG3B86;
				ENABLE_PREVIEWS = YES;
				GENERATE_INFOPLIST_FILE = YES;
				INFOPLIST_KEY_UIApplicationSceneManifest_Generation = YES;
				INFOPLIST_KEY_UIApplicationSupportsIndirectInputEvents = YES;
				INFOPLIST_KEY_UILaunchScreen_Generation = YES;
				INFOPLIST_KEY_UISupportedInterfaceOrientations_iPad = "UIInterfaceOrientationPortrait UIInterfaceOrientationPortraitUpsideDown UIInterfaceOrientationLandscapeLeft UIInterfaceOrientationLandscapeRight";
				INFOPLIST_KEY_UISupportedInterfaceOrientations_iPhone = "UIInterfaceOrientationPortrait UIInterfaceOrientationLandscapeLeft UIInterfaceOrientationLandscapeRight";
				IPHONEOS_DEPLOYMENT_TARGET = 15.4;
				LD_RUNPATH_SEARCH_PATHS = (
					"$(inherited)",
					"@executable_path/Frameworks",
				);
				MARKETING_VERSION = 1.0;
				PRODUCT_BUNDLE_IDENTIFIER = com.openzesame.BackUpWalletPreview;
				PRODUCT_NAME = "$(TARGET_NAME)";
				SDKROOT = iphoneos;
				SWIFT_EMIT_LOC_STRINGS = YES;
				SWIFT_VERSION = 5.0;
				TARGETED_DEVICE_FAMILY = "1,2";
				VALIDATE_PRODUCT = YES;
			};
			name = Release;
		};
/* End XCBuildConfiguration section */

/* Begin XCConfigurationList section */
		4872FA1B27B4F8F3008B7BD0 /* Build configuration list for PBXProject "Zhip" */ = {
			isa = XCConfigurationList;
			buildConfigurations = (
				4872FA3327B4F8F5008B7BD0 /* Debug */,
				4872FA3427B4F8F5008B7BD0 /* Release */,
			);
			defaultConfigurationIsVisible = 0;
			defaultConfigurationName = Release;
		};
		4872FA3527B4F8F5008B7BD0 /* Build configuration list for PBXNativeTarget "Zhip (iOS)" */ = {
			isa = XCConfigurationList;
			buildConfigurations = (
				4872FA3627B4F8F5008B7BD0 /* Debug */,
				4872FA3727B4F8F5008B7BD0 /* Release */,
			);
			defaultConfigurationIsVisible = 0;
			defaultConfigurationName = Release;
		};
		4872FA3827B4F8F5008B7BD0 /* Build configuration list for PBXNativeTarget "Zhip (macOS)" */ = {
			isa = XCConfigurationList;
			buildConfigurations = (
				4872FA3927B4F8F5008B7BD0 /* Debug */,
				4872FA3A27B4F8F5008B7BD0 /* Release */,
			);
			defaultConfigurationIsVisible = 0;
			defaultConfigurationName = Release;
		};
		48B83CB1280415F600640E52 /* Build configuration list for PBXNativeTarget "NewPINPreview" */ = {
			isa = XCConfigurationList;
			buildConfigurations = (
				48B83CB2280415F600640E52 /* Debug */,
				48B83CB3280415F600640E52 /* Release */,
			);
			defaultConfigurationIsVisible = 0;
			defaultConfigurationName = Release;
		};
		48B83CCF2804475600640E52 /* Build configuration list for PBXNativeTarget "BackUpWalletPreview" */ = {
			isa = XCConfigurationList;
			buildConfigurations = (
				48B83CD02804475600640E52 /* Debug */,
				48B83CD12804475600640E52 /* Release */,
			);
			defaultConfigurationIsVisible = 0;
			defaultConfigurationName = Release;
		};
/* End XCConfigurationList section */

/* Begin XCSwiftPackageProductDependency section */
		482053E8280489560061CABB /* AppFeature */ = {
			isa = XCSwiftPackageProductDependency;
			productName = AppFeature;
		};
		48E77979280D503800105707 /* BackUpWalletFeature */ = {
			isa = XCSwiftPackageProductDependency;
			productName = BackUpWalletFeature;
		};
		48E7797B280D512C00105707 /* WalletUnsafe */ = {
			isa = XCSwiftPackageProductDependency;
			productName = WalletUnsafe;
		};
/* End XCSwiftPackageProductDependency section */
	};
	rootObject = 4872FA1827B4F8F3008B7BD0 /* Project object */;
}
