{
  "object": {
    "pins": [
      {
        "package": "Alamofire",
        "repositoryURL": "https://github.com/Alamofire/Alamofire.git",
        "state": {
          "branch": null,
          "revision": "eaf6e622dd41b07b251d8f01752eab31bc811493",
          "version": "5.4.1"
        }
      },
      {
        "package": "BigInt",
        "repositoryURL": "https://github.com/attaswift/BigInt",
        "state": {
          "branch": null,
          "revision": "889a1ecacd73ccc189c5cb29288048f186c44ed9",
          "version": "5.2.1"
        }
      },
      {
        "package": "CryptoSwift",
        "repositoryURL": "https://github.com/krzyzanowskim/CryptoSwift.git",
        "state": {
          "branch": null,
          "revision": "5669f222e46c8134fb1f399c745fa6882b43532e",
          "version": "1.3.8"
        }
      },
      {
        "package": "EFQRCode",
        "repositoryURL": "git@github.com:EFPrefix/EFQRCode.git",
        "state": {
          "branch": null,
          "revision": "531dd44611d9df5721061eeaf6f65c2daf86cd58",
          "version": "6.0.0"
        }
      },
      {
        "package": "EllipticCurveKit",
        "repositoryURL": "https://github.com/Sajjon/EllipticCurveKit.git",
        "state": {
          "branch": null,
          "revision": "9ebdfefe73f97cd9a2b95cd94a093d4aad61d12e",
          "version": "1.0.2"
        }
      },
      {
        "package": "IQKeyboardManagerSwift",
        "repositoryURL": "git@github.com:hackiftekhar/IQKeyboardManager.git",
        "state": {
          "branch": null,
          "revision": "4dc6bc7d1c9747bd0c261c8c055903f9fdef91f7",
          "version": "6.5.6"
        }
      },
      {
        "package": "KeychainSwift",
        "repositoryURL": "git@github.com:evgenyneu/keychain-swift.git",
        "state": {
          "branch": null,
          "revision": "96fb84f45a96630e7583903bd7e08cf095c7a7ef",
          "version": "19.0.0"
        }
      },
      {
        "package": "QRCodeReader",
        "repositoryURL": "git@github.com:yannickl/QRCodeReader.swift.git",
        "state": {
          "branch": null,
          "revision": "5020b5a47199d8ba80c83a4b4fafd70e9dc9dc7f",
          "version": "10.1.1"
        }
      },
      {
        "package": "RxDataSources",
        "repositoryURL": "git@github.com:RxSwiftCommunity/RxDataSources.git",
        "state": {
          "branch": null,
          "revision": "241c62e7b578b2346c8b60efdf31b4eb2eab2966",
          "version": "5.0.0"
        }
      },
      {
        "package": "RxSwift",
        "repositoryURL": "https://github.com/ReactiveX/RxSwift.git",
        "state": {
          "branch": null,
          "revision": "7e01c05f25c025143073eaa3be3532f9375c614b",
          "version": "6.1.0"
        }
      },
      {
        "package": "SkyFloatingLabelTextField",
        "repositoryURL": "git@github.com:Skyscanner/SkyFloatingLabelTextField.git",
        "state": {
          "branch": null,
          "revision": "a0750ebbc7311f3b3debf99c5e59338e854afa59",
          "version": "4.0.0"
        }
      },
      {
        "package": "SwiftProtobuf",
        "repositoryURL": "https://github.com/apple/swift-protobuf.git",
        "state": {
          "branch": null,
          "revision": "e1904bf5a5f79cb7e0ff68a427a53a93b652fcd1",
          "version": "1.15.0"
        }
      },
      {
        "package": "swift_qrcodejs",
        "repositoryURL": "https://github.com/ApolloZhu/swift_qrcodejs.git",
        "state": {
          "branch": null,
          "revision": "53da4ea930345cb3c7d72a0e639d3318179722b4",
          "version": "1.2.0"
        }
      },
      {
        "package": "SwiftDate",
        "repositoryURL": "git@github.com:malcommac/SwiftDate.git",
        "state": {
          "branch": null,
          "revision": "6190d0cefff3013e77ed567e6b074f324e5c5bf5",
          "version": "6.3.1"
        }
      },
      {
        "package": "SwiftyBeaver",
        "repositoryURL": "git@github.com:SwiftyBeaver/SwiftyBeaver.git",
        "state": {
          "branch": null,
          "revision": "2c513a2e8fbfbd6495afc4a05941d8e3fdba68e9",
          "version": "1.9.3"
        }
      },
      {
        "package": "TinyConstraints",
        "repositoryURL": "git@github.com:roberthein/TinyConstraints.git",
        "state": {
          "branch": null,
          "revision": "f413ea53b886de81b925eeb37a14538fe6ae4912",
          "version": "4.0.1"
        }
      },
      {
        "package": "Validator",
        "repositoryURL": "git@github.com:adamwaite/Validator.git",
        "state": {
          "branch": null,
          "revision": "8dacfee6a28b1b8ffe3aa082b0647328dde454d7",
          "version": null
        }
      },
      {
        "package": "Zesame",
        "repositoryURL": "git@github.com:OpenZesame/Zesame.git",
        "state": {
          "branch": null,
          "revision": "99cb6025c82adec8a8df5998b130ce16a29e22ce",
          "version": "1.0.3"
        }
      }
    ]
  },
  "version": 1
}
