// !$*UTF8*$!
{
	archiveVersion = 1;
	classes = {
	};
	objectVersion = 55;
	objects = {

/* Begin PBXBuildFile section */
		4872FA2D27B4F8F5008B7BD0 /* ZhipApp.swift in Sources */ = {isa = PBXBuildFile; fileRef = 4872FA1D27B4F8F4008B7BD0 /* ZhipApp.swift */; };
		4872FA2E27B4F8F5008B7BD0 /* ZhipApp.swift in Sources */ = {isa = PBXBuildFile; fileRef = 4872FA1D27B4F8F4008B7BD0 /* ZhipApp.swift */; };
		4872FA2F27B4F8F5008B7BD0 /* WelcomeView.swift in Sources */ = {isa = PBXBuildFile; fileRef = 4872FA1E27B4F8F4008B7BD0 /* WelcomeView.swift */; };
		4872FA3027B4F8F5008B7BD0 /* WelcomeView.swift in Sources */ = {isa = PBXBuildFile; fileRef = 4872FA1E27B4F8F4008B7BD0 /* WelcomeView.swift */; };
		4872FA3127B4F8F5008B7BD0 /* Assets.xcassets in Resources */ = {isa = PBXBuildFile; fileRef = 4872FA1F27B4F8F5008B7BD0 /* Assets.xcassets */; };
		4872FA3227B4F8F5008B7BD0 /* Assets.xcassets in Resources */ = {isa = PBXBuildFile; fileRef = 4872FA1F27B4F8F5008B7BD0 /* Assets.xcassets */; };
		4872FA3C27B509D1008B7BD0 /* Colors.swift in Sources */ = {isa = PBXBuildFile; fileRef = 4872FA3B27B509D1008B7BD0 /* Colors.swift */; };
		4872FA3D27B509D1008B7BD0 /* Colors.swift in Sources */ = {isa = PBXBuildFile; fileRef = 4872FA3B27B509D1008B7BD0 /* Colors.swift */; };
		4872FA4027B523D6008B7BD0 /* ButtonStyle.swift in Sources */ = {isa = PBXBuildFile; fileRef = 4872FA3F27B523D6008B7BD0 /* ButtonStyle.swift */; };
		4872FA4127B523D6008B7BD0 /* ButtonStyle.swift in Sources */ = {isa = PBXBuildFile; fileRef = 4872FA3F27B523D6008B7BD0 /* ButtonStyle.swift */; };
		4872FA4327B53A6F008B7BD0 /* HomeView.swift in Sources */ = {isa = PBXBuildFile; fileRef = 4872FA4227B53A6F008B7BD0 /* HomeView.swift */; };
		4872FA4427B53A6F008B7BD0 /* HomeView.swift in Sources */ = {isa = PBXBuildFile; fileRef = 4872FA4227B53A6F008B7BD0 /* HomeView.swift */; };
		4872FA4727B53ADD008B7BD0 /* Model.swift in Sources */ = {isa = PBXBuildFile; fileRef = 4872FA4627B53ADD008B7BD0 /* Model.swift */; };
		4872FA4827B53ADD008B7BD0 /* Model.swift in Sources */ = {isa = PBXBuildFile; fileRef = 4872FA4627B53ADD008B7BD0 /* Model.swift */; };
		4872FA4B27B53B3D008B7BD0 /* AppSidebarNavigation.swift in Sources */ = {isa = PBXBuildFile; fileRef = 4872FA4A27B53B3D008B7BD0 /* AppSidebarNavigation.swift */; };
		4872FA4C27B53B3D008B7BD0 /* AppSidebarNavigation.swift in Sources */ = {isa = PBXBuildFile; fileRef = 4872FA4A27B53B3D008B7BD0 /* AppSidebarNavigation.swift */; };
		4872FA4F27B55756008B7BD0 /* AppTabNavigation.swift in Sources */ = {isa = PBXBuildFile; fileRef = 4872FA4E27B55756008B7BD0 /* AppTabNavigation.swift */; };
		4872FA5227B558DD008B7BD0 /* Balances.swift in Sources */ = {isa = PBXBuildFile; fileRef = 4872FA5127B558DD008B7BD0 /* Balances.swift */; };
		4872FA5327B558DD008B7BD0 /* Balances.swift in Sources */ = {isa = PBXBuildFile; fileRef = 4872FA5127B558DD008B7BD0 /* Balances.swift */; };
		4872FA5527B558EC008B7BD0 /* Settings.swift in Sources */ = {isa = PBXBuildFile; fileRef = 4872FA5427B558EC008B7BD0 /* Settings.swift */; };
		4872FA5627B558EC008B7BD0 /* Settings.swift in Sources */ = {isa = PBXBuildFile; fileRef = 4872FA5427B558EC008B7BD0 /* Settings.swift */; };
		487CE3DC27B63862003BD07A /* ContactCommands.swift in Sources */ = {isa = PBXBuildFile; fileRef = 487CE3DB27B63862003BD07A /* ContactCommands.swift */; };
		487CE3DD27B63862003BD07A /* ContactCommands.swift in Sources */ = {isa = PBXBuildFile; fileRef = 487CE3DB27B63862003BD07A /* ContactCommands.swift */; };
		487CE3DF27B638B0003BD07A /* AddToContactsButton.swift in Sources */ = {isa = PBXBuildFile; fileRef = 487CE3DE27B638B0003BD07A /* AddToContactsButton.swift */; };
		487CE3E027B638B0003BD07A /* AddToContactsButton.swift in Sources */ = {isa = PBXBuildFile; fileRef = 487CE3DE27B638B0003BD07A /* AddToContactsButton.swift */; };
		487CE3E327B641C6003BD07A /* Transfer.swift in Sources */ = {isa = PBXBuildFile; fileRef = 487CE3E227B641C6003BD07A /* Transfer.swift */; };
		487CE3E427B641C6003BD07A /* Transfer.swift in Sources */ = {isa = PBXBuildFile; fileRef = 487CE3E227B641C6003BD07A /* Transfer.swift */; };
		487CE3E727B64204003BD07A /* Contacts.swift in Sources */ = {isa = PBXBuildFile; fileRef = 487CE3E627B64204003BD07A /* Contacts.swift */; };
		487CE3E827B64204003BD07A /* Contacts.swift in Sources */ = {isa = PBXBuildFile; fileRef = 487CE3E627B64204003BD07A /* Contacts.swift */; };
		487CE3EA27B642D5003BD07A /* TopLevelNavigationItem.swift in Sources */ = {isa = PBXBuildFile; fileRef = 487CE3E927B642D5003BD07A /* TopLevelNavigationItem.swift */; };
		487CE3EB27B642D5003BD07A /* TopLevelNavigationItem.swift in Sources */ = {isa = PBXBuildFile; fileRef = 487CE3E927B642D5003BD07A /* TopLevelNavigationItem.swift */; };
		4888991A27B661A000FCBE5A /* ContentView.swift in Sources */ = {isa = PBXBuildFile; fileRef = 4888991927B661A000FCBE5A /* ContentView.swift */; };
		4888991B27B661A000FCBE5A /* ContentView.swift in Sources */ = {isa = PBXBuildFile; fileRef = 4888991927B661A000FCBE5A /* ContentView.swift */; };
/* End PBXBuildFile section */

/* Begin PBXFileReference section */
		4872FA1D27B4F8F4008B7BD0 /* ZhipApp.swift */ = {isa = PBXFileReference; lastKnownFileType = sourcecode.swift; path = ZhipApp.swift; sourceTree = "<group>"; };
		4872FA1E27B4F8F4008B7BD0 /* WelcomeView.swift */ = {isa = PBXFileReference; lastKnownFileType = sourcecode.swift; path = WelcomeView.swift; sourceTree = "<group>"; };
		4872FA1F27B4F8F5008B7BD0 /* Assets.xcassets */ = {isa = PBXFileReference; lastKnownFileType = folder.assetcatalog; path = Assets.xcassets; sourceTree = "<group>"; };
		4872FA2427B4F8F5008B7BD0 /* Zhip.app */ = {isa = PBXFileReference; explicitFileType = wrapper.application; includeInIndex = 0; path = Zhip.app; sourceTree = BUILT_PRODUCTS_DIR; };
		4872FA2A27B4F8F5008B7BD0 /* Zhip.app */ = {isa = PBXFileReference; explicitFileType = wrapper.application; includeInIndex = 0; path = Zhip.app; sourceTree = BUILT_PRODUCTS_DIR; };
		4872FA2C27B4F8F5008B7BD0 /* macOS.entitlements */ = {isa = PBXFileReference; lastKnownFileType = text.plist.entitlements; path = macOS.entitlements; sourceTree = "<group>"; };
		4872FA3B27B509D1008B7BD0 /* Colors.swift */ = {isa = PBXFileReference; lastKnownFileType = sourcecode.swift; path = Colors.swift; sourceTree = "<group>"; };
		4872FA3F27B523D6008B7BD0 /* ButtonStyle.swift */ = {isa = PBXFileReference; lastKnownFileType = sourcecode.swift; path = ButtonStyle.swift; sourceTree = "<group>"; };
		4872FA4227B53A6F008B7BD0 /* HomeView.swift */ = {isa = PBXFileReference; lastKnownFileType = sourcecode.swift; path = HomeView.swift; sourceTree = "<group>"; };
		4872FA4627B53ADD008B7BD0 /* Model.swift */ = {isa = PBXFileReference; lastKnownFileType = sourcecode.swift; path = Model.swift; sourceTree = "<group>"; };
		4872FA4A27B53B3D008B7BD0 /* AppSidebarNavigation.swift */ = {isa = PBXFileReference; lastKnownFileType = sourcecode.swift; path = AppSidebarNavigation.swift; sourceTree = "<group>"; };
		4872FA4E27B55756008B7BD0 /* AppTabNavigation.swift */ = {isa = PBXFileReference; lastKnownFileType = sourcecode.swift; path = AppTabNavigation.swift; sourceTree = "<group>"; };
		4872FA5127B558DD008B7BD0 /* Balances.swift */ = {isa = PBXFileReference; lastKnownFileType = sourcecode.swift; path = Balances.swift; sourceTree = "<group>"; };
		4872FA5427B558EC008B7BD0 /* Settings.swift */ = {isa = PBXFileReference; lastKnownFileType = sourcecode.swift; path = Settings.swift; sourceTree = "<group>"; };
		487CE3DB27B63862003BD07A /* ContactCommands.swift */ = {isa = PBXFileReference; lastKnownFileType = sourcecode.swift; path = ContactCommands.swift; sourceTree = "<group>"; };
		487CE3DE27B638B0003BD07A /* AddToContactsButton.swift */ = {isa = PBXFileReference; lastKnownFileType = sourcecode.swift; path = AddToContactsButton.swift; sourceTree = "<group>"; };
		487CE3E227B641C6003BD07A /* Transfer.swift */ = {isa = PBXFileReference; lastKnownFileType = sourcecode.swift; path = Transfer.swift; sourceTree = "<group>"; };
		487CE3E627B64204003BD07A /* Contacts.swift */ = {isa = PBXFileReference; lastKnownFileType = sourcecode.swift; path = Contacts.swift; sourceTree = "<group>"; };
		487CE3E927B642D5003BD07A /* TopLevelNavigationItem.swift */ = {isa = PBXFileReference; lastKnownFileType = sourcecode.swift; path = TopLevelNavigationItem.swift; sourceTree = "<group>"; };
		4888991927B661A000FCBE5A /* ContentView.swift */ = {isa = PBXFileReference; lastKnownFileType = sourcecode.swift; path = ContentView.swift; sourceTree = "<group>"; };
/* End PBXFileReference section */

/* Begin PBXFrameworksBuildPhase section */
		4872FA2127B4F8F5008B7BD0 /* Frameworks */ = {
			isa = PBXFrameworksBuildPhase;
			buildActionMask = 2147483647;
			files = (
			);
			runOnlyForDeploymentPostprocessing = 0;
		};
		4872FA2727B4F8F5008B7BD0 /* Frameworks */ = {
			isa = PBXFrameworksBuildPhase;
			buildActionMask = 2147483647;
			files = (
			);
			runOnlyForDeploymentPostprocessing = 0;
		};
/* End PBXFrameworksBuildPhase section */

/* Begin PBXGroup section */
		4872FA1727B4F8F3008B7BD0 = {
			isa = PBXGroup;
			children = (
				4872FA4D27B5573F008B7BD0 /* iOS */,
				4872FA1C27B4F8F4008B7BD0 /* Shared */,
				4872FA2B27B4F8F5008B7BD0 /* macOS */,
				4872FA2527B4F8F5008B7BD0 /* Products */,
			);
			sourceTree = "<group>";
		};
		4872FA1C27B4F8F4008B7BD0 /* Shared */ = {
			isa = PBXGroup;
			children = (
				4888991D27B6621E00FCBE5A /* Resources */,
				4888991C27B6620A00FCBE5A /* Styling */,
				487CE3EC27B64604003BD07A /* Onboarding */,
				487CE3E127B641BB003BD07A /* Transfer */,
				487CE3DA27B6384C003BD07A /* Contacts */,
				487CE3D927B63707003BD07A /* Settings */,
				4872FA5027B558D0008B7BD0 /* Balances */,
				4872FA4927B53B29008B7BD0 /* Navigation */,
				4872FA4527B53AB9008B7BD0 /* Model */,
				4872FA1D27B4F8F4008B7BD0 /* ZhipApp.swift */,
			);
			path = Shared;
			sourceTree = "<group>";
		};
		4872FA2527B4F8F5008B7BD0 /* Products */ = {
			isa = PBXGroup;
			children = (
				4872FA2427B4F8F5008B7BD0 /* Zhip.app */,
				4872FA2A27B4F8F5008B7BD0 /* Zhip.app */,
			);
			name = Products;
			sourceTree = "<group>";
		};
		4872FA2B27B4F8F5008B7BD0 /* macOS */ = {
			isa = PBXGroup;
			children = (
				4872FA2C27B4F8F5008B7BD0 /* macOS.entitlements */,
			);
			path = macOS;
			sourceTree = "<group>";
		};
		4872FA3E27B523CC008B7BD0 /* Style */ = {
			isa = PBXGroup;
			children = (
				4872FA3F27B523D6008B7BD0 /* ButtonStyle.swift */,
			);
			path = Style;
			sourceTree = "<group>";
		};
		4872FA4527B53AB9008B7BD0 /* Model */ = {
			isa = PBXGroup;
			children = (
				4872FA4627B53ADD008B7BD0 /* Model.swift */,
			);
			path = Model;
			sourceTree = "<group>";
		};
		4872FA4927B53B29008B7BD0 /* Navigation */ = {
			isa = PBXGroup;
			children = (
				4872FA4227B53A6F008B7BD0 /* HomeView.swift */,
				4872FA4A27B53B3D008B7BD0 /* AppSidebarNavigation.swift */,
				487CE3E927B642D5003BD07A /* TopLevelNavigationItem.swift */,
				4888991927B661A000FCBE5A /* ContentView.swift */,
			);
			path = Navigation;
			sourceTree = "<group>";
		};
		4872FA4D27B5573F008B7BD0 /* iOS */ = {
			isa = PBXGroup;
			children = (
				4872FA4E27B55756008B7BD0 /* AppTabNavigation.swift */,
			);
			path = iOS;
			sourceTree = "<group>";
		};
		4872FA5027B558D0008B7BD0 /* Balances */ = {
			isa = PBXGroup;
			children = (
				4872FA5127B558DD008B7BD0 /* Balances.swift */,
			);
			path = Balances;
			sourceTree = "<group>";
		};
		487CE3D927B63707003BD07A /* Settings */ = {
			isa = PBXGroup;
			children = (
				4872FA5427B558EC008B7BD0 /* Settings.swift */,
			);
			path = Settings;
			sourceTree = "<group>";
		};
		487CE3DA27B6384C003BD07A /* Contacts */ = {
			isa = PBXGroup;
			children = (
				487CE3DB27B63862003BD07A /* ContactCommands.swift */,
				487CE3DE27B638B0003BD07A /* AddToContactsButton.swift */,
				487CE3E627B64204003BD07A /* Contacts.swift */,
			);
			path = Contacts;
			sourceTree = "<group>";
		};
		487CE3E127B641BB003BD07A /* Transfer */ = {
			isa = PBXGroup;
			children = (
				487CE3E227B641C6003BD07A /* Transfer.swift */,
			);
			path = Transfer;
			sourceTree = "<group>";
		};
		487CE3EC27B64604003BD07A /* Onboarding */ = {
			isa = PBXGroup;
			children = (
				4872FA1E27B4F8F4008B7BD0 /* WelcomeView.swift */,
			);
			path = Onboarding;
			sourceTree = "<group>";
		};
		4888991C27B6620A00FCBE5A /* Styling */ = {
			isa = PBXGroup;
			children = (
				4872FA3B27B509D1008B7BD0 /* Colors.swift */,
				4872FA3E27B523CC008B7BD0 /* Style */,
			);
			path = Styling;
			sourceTree = "<group>";
		};
		4888991D27B6621E00FCBE5A /* Resources */ = {
			isa = PBXGroup;
			children = (
				4872FA1F27B4F8F5008B7BD0 /* Assets.xcassets */,
			);
			path = Resources;
			sourceTree = "<group>";
		};
/* End PBXGroup section */

/* Begin PBXNativeTarget section */
		4872FA2327B4F8F5008B7BD0 /* Zhip (iOS) */ = {
			isa = PBXNativeTarget;
			buildConfigurationList = 4872FA3527B4F8F5008B7BD0 /* Build configuration list for PBXNativeTarget "Zhip (iOS)" */;
			buildPhases = (
				4872FA2027B4F8F5008B7BD0 /* Sources */,
				4872FA2127B4F8F5008B7BD0 /* Frameworks */,
				4872FA2227B4F8F5008B7BD0 /* Resources */,
			);
			buildRules = (
			);
			dependencies = (
			);
			name = "Zhip (iOS)";
			productName = "Zhip (iOS)";
			productReference = 4872FA2427B4F8F5008B7BD0 /* Zhip.app */;
			productType = "com.apple.product-type.application";
		};
		4872FA2927B4F8F5008B7BD0 /* Zhip (macOS) */ = {
			isa = PBXNativeTarget;
			buildConfigurationList = 4872FA3827B4F8F5008B7BD0 /* Build configuration list for PBXNativeTarget "Zhip (macOS)" */;
			buildPhases = (
				4872FA2627B4F8F5008B7BD0 /* Sources */,
				4872FA2727B4F8F5008B7BD0 /* Frameworks */,
				4872FA2827B4F8F5008B7BD0 /* Resources */,
			);
			buildRules = (
			);
			dependencies = (
			);
			name = "Zhip (macOS)";
			productName = "Zhip (macOS)";
			productReference = 4872FA2A27B4F8F5008B7BD0 /* Zhip.app */;
			productType = "com.apple.product-type.application";
		};
/* End PBXNativeTarget section */

/* Begin PBXProject section */
		4872FA1827B4F8F3008B7BD0 /* Project object */ = {
			isa = PBXProject;
			attributes = {
				BuildIndependentTargetsInParallel = 1;
				LastSwiftUpdateCheck = 1320;
				LastUpgradeCheck = 1320;
				TargetAttributes = {
					4872FA2327B4F8F5008B7BD0 = {
						CreatedOnToolsVersion = 13.2.1;
					};
					4872FA2927B4F8F5008B7BD0 = {
						CreatedOnToolsVersion = 13.2.1;
					};
				};
			};
			buildConfigurationList = 4872FA1B27B4F8F3008B7BD0 /* Build configuration list for PBXProject "Zhip" */;
			compatibilityVersion = "Xcode 13.0";
			developmentRegion = en;
			hasScannedForEncodings = 0;
			knownRegions = (
				en,
				Base,
			);
			mainGroup = 4872FA1727B4F8F3008B7BD0;
			productRefGroup = 4872FA2527B4F8F5008B7BD0 /* Products */;
			projectDirPath = "";
			projectRoot = "";
			targets = (
				4872FA2327B4F8F5008B7BD0 /* Zhip (iOS) */,
				4872FA2927B4F8F5008B7BD0 /* Zhip (macOS) */,
			);
		};
/* End PBXProject section */

/* Begin PBXResourcesBuildPhase section */
		4872FA2227B4F8F5008B7BD0 /* Resources */ = {
			isa = PBXResourcesBuildPhase;
			buildActionMask = 2147483647;
			files = (
				4872FA3127B4F8F5008B7BD0 /* Assets.xcassets in Resources */,
			);
			runOnlyForDeploymentPostprocessing = 0;
		};
		4872FA2827B4F8F5008B7BD0 /* Resources */ = {
			isa = PBXResourcesBuildPhase;
			buildActionMask = 2147483647;
			files = (
				4872FA3227B4F8F5008B7BD0 /* Assets.xcassets in Resources */,
			);
			runOnlyForDeploymentPostprocessing = 0;
		};
/* End PBXResourcesBuildPhase section */

/* Begin PBXSourcesBuildPhase section */
		4872FA2027B4F8F5008B7BD0 /* Sources */ = {
			isa = PBXSourcesBuildPhase;
			buildActionMask = 2147483647;
			files = (
				4872FA2F27B4F8F5008B7BD0 /* WelcomeView.swift in Sources */,
				4872FA4F27B55756008B7BD0 /* AppTabNavigation.swift in Sources */,
				4888991A27B661A000FCBE5A /* ContentView.swift in Sources */,
				487CE3DC27B63862003BD07A /* ContactCommands.swift in Sources */,
				487CE3DF27B638B0003BD07A /* AddToContactsButton.swift in Sources */,
				4872FA4327B53A6F008B7BD0 /* HomeView.swift in Sources */,
				487CE3EA27B642D5003BD07A /* TopLevelNavigationItem.swift in Sources */,
				4872FA4027B523D6008B7BD0 /* ButtonStyle.swift in Sources */,
				487CE3E727B64204003BD07A /* Contacts.swift in Sources */,
				4872FA5527B558EC008B7BD0 /* Settings.swift in Sources */,
				4872FA5227B558DD008B7BD0 /* Balances.swift in Sources */,
				4872FA4727B53ADD008B7BD0 /* Model.swift in Sources */,
				4872FA3C27B509D1008B7BD0 /* Colors.swift in Sources */,
				4872FA4B27B53B3D008B7BD0 /* AppSidebarNavigation.swift in Sources */,
				4872FA2D27B4F8F5008B7BD0 /* ZhipApp.swift in Sources */,
				487CE3E327B641C6003BD07A /* Transfer.swift in Sources */,
			);
			runOnlyForDeploymentPostprocessing = 0;
		};
		4872FA2627B4F8F5008B7BD0 /* Sources */ = {
			isa = PBXSourcesBuildPhase;
			buildActionMask = 2147483647;
			files = (
				4872FA3027B4F8F5008B7BD0 /* WelcomeView.swift in Sources */,
				4872FA4427B53A6F008B7BD0 /* HomeView.swift in Sources */,
				4872FA4127B523D6008B7BD0 /* ButtonStyle.swift in Sources */,
				4872FA4827B53ADD008B7BD0 /* Model.swift in Sources */,
				487CE3E027B638B0003BD07A /* AddToContactsButton.swift in Sources */,
				487CE3DD27B63862003BD07A /* ContactCommands.swift in Sources */,
				4872FA3D27B509D1008B7BD0 /* Colors.swift in Sources */,
				4872FA4C27B53B3D008B7BD0 /* AppSidebarNavigation.swift in Sources */,
				487CE3E827B64204003BD07A /* Contacts.swift in Sources */,
				487CE3EB27B642D5003BD07A /* TopLevelNavigationItem.swift in Sources */,
				4872FA5627B558EC008B7BD0 /* Settings.swift in Sources */,
				4888991B27B661A000FCBE5A /* ContentView.swift in Sources */,
				4872FA5327B558DD008B7BD0 /* Balances.swift in Sources */,
				487CE3E427B641C6003BD07A /* Transfer.swift in Sources */,
				4872FA2E27B4F8F5008B7BD0 /* ZhipApp.swift in Sources */,
			);
			runOnlyForDeploymentPostprocessing = 0;
		};
/* End PBXSourcesBuildPhase section */

/* Begin XCBuildConfiguration section */
		4872FA3327B4F8F5008B7BD0 /* Debug */ = {
			isa = XCBuildConfiguration;
			buildSettings = {
				ALWAYS_SEARCH_USER_PATHS = NO;
				CLANG_ANALYZER_NONNULL = YES;
				CLANG_ANALYZER_NUMBER_OBJECT_CONVERSION = YES_AGGRESSIVE;
				CLANG_CXX_LANGUAGE_STANDARD = "gnu++17";
				CLANG_CXX_LIBRARY = "libc++";
				CLANG_ENABLE_MODULES = YES;
				CLANG_ENABLE_OBJC_ARC = YES;
				CLANG_ENABLE_OBJC_WEAK = YES;
				CLANG_WARN_BLOCK_CAPTURE_AUTORELEASING = YES;
				CLANG_WARN_BOOL_CONVERSION = YES;
				CLANG_WARN_COMMA = YES;
				CLANG_WARN_CONSTANT_CONVERSION = YES;
				CLANG_WARN_DEPRECATED_OBJC_IMPLEMENTATIONS = YES;
				CLANG_WARN_DIRECT_OBJC_ISA_USAGE = YES_ERROR;
				CLANG_WARN_DOCUMENTATION_COMMENTS = YES;
				CLANG_WARN_EMPTY_BODY = YES;
				CLANG_WARN_ENUM_CONVERSION = YES;
				CLANG_WARN_INFINITE_RECURSION = YES;
				CLANG_WARN_INT_CONVERSION = YES;
				CLANG_WARN_NON_LITERAL_NULL_CONVERSION = YES;
				CLANG_WARN_OBJC_IMPLICIT_RETAIN_SELF = YES;
				CLANG_WARN_OBJC_LITERAL_CONVERSION = YES;
				CLANG_WARN_OBJC_ROOT_CLASS = YES_ERROR;
				CLANG_WARN_QUOTED_INCLUDE_IN_FRAMEWORK_HEADER = YES;
				CLANG_WARN_RANGE_LOOP_ANALYSIS = YES;
				CLANG_WARN_STRICT_PROTOTYPES = YES;
				CLANG_WARN_SUSPICIOUS_MOVE = YES;
				CLANG_WARN_UNGUARDED_AVAILABILITY = YES_AGGRESSIVE;
				CLANG_WARN_UNREACHABLE_CODE = YES;
				CLANG_WARN__DUPLICATE_METHOD_MATCH = YES;
				COPY_PHASE_STRIP = NO;
				DEBUG_INFORMATION_FORMAT = dwarf;
				ENABLE_STRICT_OBJC_MSGSEND = YES;
				ENABLE_TESTABILITY = YES;
				GCC_C_LANGUAGE_STANDARD = gnu11;
				GCC_DYNAMIC_NO_PIC = NO;
				GCC_NO_COMMON_BLOCKS = YES;
				GCC_OPTIMIZATION_LEVEL = 0;
				GCC_PREPROCESSOR_DEFINITIONS = (
					"DEBUG=1",
					"$(inherited)",
				);
				GCC_WARN_64_TO_32_BIT_CONVERSION = YES;
				GCC_WARN_ABOUT_RETURN_TYPE = YES_ERROR;
				GCC_WARN_UNDECLARED_SELECTOR = YES;
				GCC_WARN_UNINITIALIZED_AUTOS = YES_AGGRESSIVE;
				GCC_WARN_UNUSED_FUNCTION = YES;
				GCC_WARN_UNUSED_VARIABLE = YES;
				MTL_ENABLE_DEBUG_INFO = INCLUDE_SOURCE;
				MTL_FAST_MATH = YES;
				ONLY_ACTIVE_ARCH = YES;
				SWIFT_ACTIVE_COMPILATION_CONDITIONS = DEBUG;
				SWIFT_OPTIMIZATION_LEVEL = "-Onone";
			};
			name = Debug;
		};
		4872FA3427B4F8F5008B7BD0 /* Release */ = {
			isa = XCBuildConfiguration;
			buildSettings = {
				ALWAYS_SEARCH_USER_PATHS = NO;
				CLANG_ANALYZER_NONNULL = YES;
				CLANG_ANALYZER_NUMBER_OBJECT_CONVERSION = YES_AGGRESSIVE;
				CLANG_CXX_LANGUAGE_STANDARD = "gnu++17";
				CLANG_CXX_LIBRARY = "libc++";
				CLANG_ENABLE_MODULES = YES;
				CLANG_ENABLE_OBJC_ARC = YES;
				CLANG_ENABLE_OBJC_WEAK = YES;
				CLANG_WARN_BLOCK_CAPTURE_AUTORELEASING = YES;
				CLANG_WARN_BOOL_CONVERSION = YES;
				CLANG_WARN_COMMA = YES;
				CLANG_WARN_CONSTANT_CONVERSION = YES;
				CLANG_WARN_DEPRECATED_OBJC_IMPLEMENTATIONS = YES;
				CLANG_WARN_DIRECT_OBJC_ISA_USAGE = YES_ERROR;
				CLANG_WARN_DOCUMENTATION_COMMENTS = YES;
				CLANG_WARN_EMPTY_BODY = YES;
				CLANG_WARN_ENUM_CONVERSION = YES;
				CLANG_WARN_INFINITE_RECURSION = YES;
				CLANG_WARN_INT_CONVERSION = YES;
				CLANG_WARN_NON_LITERAL_NULL_CONVERSION = YES;
				CLANG_WARN_OBJC_IMPLICIT_RETAIN_SELF = YES;
				CLANG_WARN_OBJC_LITERAL_CONVERSION = YES;
				CLANG_WARN_OBJC_ROOT_CLASS = YES_ERROR;
				CLANG_WARN_QUOTED_INCLUDE_IN_FRAMEWORK_HEADER = YES;
				CLANG_WARN_RANGE_LOOP_ANALYSIS = YES;
				CLANG_WARN_STRICT_PROTOTYPES = YES;
				CLANG_WARN_SUSPICIOUS_MOVE = YES;
				CLANG_WARN_UNGUARDED_AVAILABILITY = YES_AGGRESSIVE;
				CLANG_WARN_UNREACHABLE_CODE = YES;
				CLANG_WARN__DUPLICATE_METHOD_MATCH = YES;
				COPY_PHASE_STRIP = NO;
				DEBUG_INFORMATION_FORMAT = "dwarf-with-dsym";
				ENABLE_NS_ASSERTIONS = NO;
				ENABLE_STRICT_OBJC_MSGSEND = YES;
				GCC_C_LANGUAGE_STANDARD = gnu11;
				GCC_NO_COMMON_BLOCKS = YES;
				GCC_WARN_64_TO_32_BIT_CONVERSION = YES;
				GCC_WARN_ABOUT_RETURN_TYPE = YES_ERROR;
				GCC_WARN_UNDECLARED_SELECTOR = YES;
				GCC_WARN_UNINITIALIZED_AUTOS = YES_AGGRESSIVE;
				GCC_WARN_UNUSED_FUNCTION = YES;
				GCC_WARN_UNUSED_VARIABLE = YES;
				MTL_ENABLE_DEBUG_INFO = NO;
				MTL_FAST_MATH = YES;
				SWIFT_COMPILATION_MODE = wholemodule;
				SWIFT_OPTIMIZATION_LEVEL = "-O";
			};
			name = Release;
		};
		4872FA3627B4F8F5008B7BD0 /* Debug */ = {
			isa = XCBuildConfiguration;
			buildSettings = {
				ASSETCATALOG_COMPILER_APPICON_NAME = AppIcon;
				ASSETCATALOG_COMPILER_GLOBAL_ACCENT_COLOR_NAME = AccentColor;
				CODE_SIGN_STYLE = Automatic;
				CURRENT_PROJECT_VERSION = 1;
				ENABLE_PREVIEWS = YES;
				GENERATE_INFOPLIST_FILE = YES;
				INFOPLIST_KEY_UIApplicationSceneManifest_Generation = YES;
				INFOPLIST_KEY_UIApplicationSupportsIndirectInputEvents = YES;
				INFOPLIST_KEY_UILaunchScreen_Generation = YES;
				INFOPLIST_KEY_UISupportedInterfaceOrientations_iPad = "UIInterfaceOrientationPortrait UIInterfaceOrientationPortraitUpsideDown UIInterfaceOrientationLandscapeLeft UIInterfaceOrientationLandscapeRight";
				INFOPLIST_KEY_UISupportedInterfaceOrientations_iPhone = "UIInterfaceOrientationPortrait UIInterfaceOrientationLandscapeLeft UIInterfaceOrientationLandscapeRight";
				IPHONEOS_DEPLOYMENT_TARGET = 15.2;
				LD_RUNPATH_SEARCH_PATHS = (
					"$(inherited)",
					"@executable_path/Frameworks",
				);
				MARKETING_VERSION = 1.0;
				PRODUCT_BUNDLE_IDENTIFIER = com.openzesame.Zhip;
				PRODUCT_NAME = Zhip;
				SDKROOT = iphoneos;
				SWIFT_EMIT_LOC_STRINGS = YES;
				SWIFT_VERSION = 5.0;
				TARGETED_DEVICE_FAMILY = "1,2";
			};
			name = Debug;
		};
		4872FA3727B4F8F5008B7BD0 /* Release */ = {
			isa = XCBuildConfiguration;
			buildSettings = {
				ASSETCATALOG_COMPILER_APPICON_NAME = AppIcon;
				ASSETCATALOG_COMPILER_GLOBAL_ACCENT_COLOR_NAME = AccentColor;
				CODE_SIGN_STYLE = Automatic;
				CURRENT_PROJECT_VERSION = 1;
				ENABLE_PREVIEWS = YES;
				GENERATE_INFOPLIST_FILE = YES;
				INFOPLIST_KEY_UIApplicationSceneManifest_Generation = YES;
				INFOPLIST_KEY_UIApplicationSupportsIndirectInputEvents = YES;
				INFOPLIST_KEY_UILaunchScreen_Generation = YES;
				INFOPLIST_KEY_UISupportedInterfaceOrientations_iPad = "UIInterfaceOrientationPortrait UIInterfaceOrientationPortraitUpsideDown UIInterfaceOrientationLandscapeLeft UIInterfaceOrientationLandscapeRight";
				INFOPLIST_KEY_UISupportedInterfaceOrientations_iPhone = "UIInterfaceOrientationPortrait UIInterfaceOrientationLandscapeLeft UIInterfaceOrientationLandscapeRight";
				IPHONEOS_DEPLOYMENT_TARGET = 15.2;
				LD_RUNPATH_SEARCH_PATHS = (
					"$(inherited)",
					"@executable_path/Frameworks",
				);
				MARKETING_VERSION = 1.0;
				PRODUCT_BUNDLE_IDENTIFIER = com.openzesame.Zhip;
				PRODUCT_NAME = Zhip;
				SDKROOT = iphoneos;
				SWIFT_EMIT_LOC_STRINGS = YES;
				SWIFT_VERSION = 5.0;
				TARGETED_DEVICE_FAMILY = "1,2";
				VALIDATE_PRODUCT = YES;
			};
			name = Release;
		};
		4872FA3927B4F8F5008B7BD0 /* Debug */ = {
			isa = XCBuildConfiguration;
			buildSettings = {
				ASSETCATALOG_COMPILER_APPICON_NAME = AppIcon;
				ASSETCATALOG_COMPILER_GLOBAL_ACCENT_COLOR_NAME = AccentColor;
				CODE_SIGN_ENTITLEMENTS = macOS/macOS.entitlements;
				CODE_SIGN_STYLE = Automatic;
				COMBINE_HIDPI_IMAGES = YES;
				CURRENT_PROJECT_VERSION = 1;
				ENABLE_PREVIEWS = YES;
				GENERATE_INFOPLIST_FILE = YES;
				INFOPLIST_KEY_NSHumanReadableCopyright = "";
				LD_RUNPATH_SEARCH_PATHS = (
					"$(inherited)",
					"@executable_path/../Frameworks",
				);
				MACOSX_DEPLOYMENT_TARGET = 12.1;
				MARKETING_VERSION = 1.0;
				PRODUCT_BUNDLE_IDENTIFIER = com.openzesame.Zhip;
				PRODUCT_NAME = Zhip;
				SDKROOT = macosx;
				SWIFT_EMIT_LOC_STRINGS = YES;
				SWIFT_VERSION = 5.0;
			};
			name = Debug;
		};
		4872FA3A27B4F8F5008B7BD0 /* Release */ = {
			isa = XCBuildConfiguration;
			buildSettings = {
				ASSETCATALOG_COMPILER_APPICON_NAME = AppIcon;
				ASSETCATALOG_COMPILER_GLOBAL_ACCENT_COLOR_NAME = AccentColor;
				CODE_SIGN_ENTITLEMENTS = macOS/macOS.entitlements;
				CODE_SIGN_STYLE = Automatic;
				COMBINE_HIDPI_IMAGES = YES;
				CURRENT_PROJECT_VERSION = 1;
				ENABLE_PREVIEWS = YES;
				GENERATE_INFOPLIST_FILE = YES;
				INFOPLIST_KEY_NSHumanReadableCopyright = "";
				LD_RUNPATH_SEARCH_PATHS = (
					"$(inherited)",
					"@executable_path/../Frameworks",
				);
				MACOSX_DEPLOYMENT_TARGET = 12.1;
				MARKETING_VERSION = 1.0;
				PRODUCT_BUNDLE_IDENTIFIER = com.openzesame.Zhip;
				PRODUCT_NAME = Zhip;
				SDKROOT = macosx;
				SWIFT_EMIT_LOC_STRINGS = YES;
				SWIFT_VERSION = 5.0;
			};
			name = Release;
		};
/* End XCBuildConfiguration section */

/* Begin XCConfigurationList section */
		4872FA1B27B4F8F3008B7BD0 /* Build configuration list for PBXProject "Zhip" */ = {
			isa = XCConfigurationList;
			buildConfigurations = (
				4872FA3327B4F8F5008B7BD0 /* Debug */,
				4872FA3427B4F8F5008B7BD0 /* Release */,
			);
			defaultConfigurationIsVisible = 0;
			defaultConfigurationName = Release;
		};
		4872FA3527B4F8F5008B7BD0 /* Build configuration list for PBXNativeTarget "Zhip (iOS)" */ = {
			isa = XCConfigurationList;
			buildConfigurations = (
				4872FA3627B4F8F5008B7BD0 /* Debug */,
				4872FA3727B4F8F5008B7BD0 /* Release */,
			);
			defaultConfigurationIsVisible = 0;
			defaultConfigurationName = Release;
		};
		4872FA3827B4F8F5008B7BD0 /* Build configuration list for PBXNativeTarget "Zhip (macOS)" */ = {
			isa = XCConfigurationList;
			buildConfigurations = (
				4872FA3927B4F8F5008B7BD0 /* Debug */,
				4872FA3A27B4F8F5008B7BD0 /* Release */,
			);
			defaultConfigurationIsVisible = 0;
			defaultConfigurationName = Release;
		};
/* End XCConfigurationList section */
	};
	rootObject = 4872FA1827B4F8F3008B7BD0 /* Project object */;
}
